// !$*UTF8*$!
{
	archiveVersion = 1;
	classes = {
	};
	objectVersion = 56;
	objects = {

/* Begin PBXBuildFile section */
		460536972ACEEE62003FC929 /* Stoicism.json in Resources */ = {isa = PBXBuildFile; fileRef = 460536962ACEEE62003FC929 /* Stoicism.json */; };
		4605369C2ACEF65A003FC929 /* StoicismData.swift in Sources */ = {isa = PBXBuildFile; fileRef = 4605369B2ACEF65A003FC929 /* StoicismData.swift */; };
		460536A22ACEF6D0003FC929 /* StoicismVC.swift in Sources */ = {isa = PBXBuildFile; fileRef = 460536A12ACEF6D0003FC929 /* StoicismVC.swift */; };
		460536A42ACEF6E8003FC929 /* StoicismScreen.swift in Sources */ = {isa = PBXBuildFile; fileRef = 460536A32ACEF6E8003FC929 /* StoicismScreen.swift */; };
		460536A62ACEF6F9003FC929 /* StoicismViewModel.swift in Sources */ = {isa = PBXBuildFile; fileRef = 460536A52ACEF6F9003FC929 /* StoicismViewModel.swift */; };
		460536AB2ACEF938003FC929 /* StoicismTableViewCell.swift in Sources */ = {isa = PBXBuildFile; fileRef = 460536AA2ACEF938003FC929 /* StoicismTableViewCell.swift */; };
		460536AD2ACEF94F003FC929 /* StoicismTableViewCellScreen.swift in Sources */ = {isa = PBXBuildFile; fileRef = 460536AC2ACEF94F003FC929 /* StoicismTableViewCellScreen.swift */; };
		460536AF2AD0421E003FC929 /* StoicismService.swift in Sources */ = {isa = PBXBuildFile; fileRef = 460536AE2AD0421E003FC929 /* StoicismService.swift */; };
		460536B52AD04B05003FC929 /* SleepVC.swift in Sources */ = {isa = PBXBuildFile; fileRef = 460536B42AD04B05003FC929 /* SleepVC.swift */; };
		460536B72AD04B14003FC929 /* SleepScreen.swift in Sources */ = {isa = PBXBuildFile; fileRef = 460536B62AD04B14003FC929 /* SleepScreen.swift */; };
		460536B92AD04B22003FC929 /* SleepViewModel.swift in Sources */ = {isa = PBXBuildFile; fileRef = 460536B82AD04B22003FC929 /* SleepViewModel.swift */; };
		460536BB2AD04E21003FC929 /* Sleep.json in Resources */ = {isa = PBXBuildFile; fileRef = 460536BA2AD04E21003FC929 /* Sleep.json */; };
		4605838B2AC1C0E900446A6F /* PersonalDevelopmentTableViewCell.swift in Sources */ = {isa = PBXBuildFile; fileRef = 4605838A2AC1C0E900446A6F /* PersonalDevelopmentTableViewCell.swift */; };
		4605838D2AC1C1EA00446A6F /* PersonalDevelopmentTableViewScreen.swift in Sources */ = {isa = PBXBuildFile; fileRef = 4605838C2AC1C1EA00446A6F /* PersonalDevelopmentTableViewScreen.swift */; };
		460583912AC1C3E300446A6F /* QuotesService.swift in Sources */ = {isa = PBXBuildFile; fileRef = 460583902AC1C3E300446A6F /* QuotesService.swift */; };
		460583962AC1C4ED00446A6F /* QuoteData.swift in Sources */ = {isa = PBXBuildFile; fileRef = 460583952AC1C4ED00446A6F /* QuoteData.swift */; };
		4605839B2AC1C7F900446A6F /* PersonalDevelopmentViewModel.swift in Sources */ = {isa = PBXBuildFile; fileRef = 4605839A2AC1C7F900446A6F /* PersonalDevelopmentViewModel.swift */; };
		460583A02AC4602200446A6F /* SavingMoneyVC.swift in Sources */ = {isa = PBXBuildFile; fileRef = 4605839F2AC4602200446A6F /* SavingMoneyVC.swift */; };
		460583A22AC4603100446A6F /* SavingMoneyScreen.swift in Sources */ = {isa = PBXBuildFile; fileRef = 460583A12AC4603100446A6F /* SavingMoneyScreen.swift */; };
		460583AD2AC4784800446A6F /* MoneyPhrasesService.swift in Sources */ = {isa = PBXBuildFile; fileRef = 460583AC2AC4784800446A6F /* MoneyPhrasesService.swift */; };
		460583B02AC47A5700446A6F /* SavingMoneyViewModel.swift in Sources */ = {isa = PBXBuildFile; fileRef = 460583AF2AC47A5700446A6F /* SavingMoneyViewModel.swift */; };
		460583B52AC47EB300446A6F /* SavingMoneyTableViewCell.swift in Sources */ = {isa = PBXBuildFile; fileRef = 460583B42AC47EB300446A6F /* SavingMoneyTableViewCell.swift */; };
		460583B72AC47ED000446A6F /* SavingMoneyTableViewScreen.swift in Sources */ = {isa = PBXBuildFile; fileRef = 460583B62AC47ED000446A6F /* SavingMoneyTableViewScreen.swift */; };
		460583BF2AC48E0400446A6F /* MoneyPhrases.json in Resources */ = {isa = PBXBuildFile; fileRef = 460583BE2AC48E0400446A6F /* MoneyPhrases.json */; };
		460583C12AC48EA000446A6F /* MoneyPhrasesData.swift in Sources */ = {isa = PBXBuildFile; fileRef = 460583C02AC48EA000446A6F /* MoneyPhrasesData.swift */; };
		460B7AC12AC849200059EA44 /* DeepWorkVC.swift in Sources */ = {isa = PBXBuildFile; fileRef = 460B7AC02AC849200059EA44 /* DeepWorkVC.swift */; };
		460B7AC32AC8492E0059EA44 /* DeepWorkScreen.swift in Sources */ = {isa = PBXBuildFile; fileRef = 460B7AC22AC8492E0059EA44 /* DeepWorkScreen.swift */; };
		460B7AC62AC851C00059EA44 /* DeepWorkViewModel.swift in Sources */ = {isa = PBXBuildFile; fileRef = 460B7AC52AC851C00059EA44 /* DeepWorkViewModel.swift */; };
		460B7AC82AC852200059EA44 /* DeepWork.json in Resources */ = {isa = PBXBuildFile; fileRef = 460B7AC72AC852200059EA44 /* DeepWork.json */; };
		460B7ACA2AC857400059EA44 /* DeepWorkData.swift in Sources */ = {isa = PBXBuildFile; fileRef = 460B7AC92AC857400059EA44 /* DeepWorkData.swift */; };
		460B7ACC2AC857770059EA44 /* DeepWorkService.swift in Sources */ = {isa = PBXBuildFile; fileRef = 460B7ACB2AC857770059EA44 /* DeepWorkService.swift */; };
		460B7AD12AC85B4B0059EA44 /* DeepWorkTableViewCell.swift in Sources */ = {isa = PBXBuildFile; fileRef = 460B7AD02AC85B4B0059EA44 /* DeepWorkTableViewCell.swift */; };
		460B7AD32AC85B620059EA44 /* DeepWorkTableViewCellScreen.swift in Sources */ = {isa = PBXBuildFile; fileRef = 460B7AD22AC85B620059EA44 /* DeepWorkTableViewCellScreen.swift */; };
		460B7AD92AC8746E0059EA44 /* Environment.json in Resources */ = {isa = PBXBuildFile; fileRef = 460B7AD82AC8746E0059EA44 /* Environment.json */; };
		460B7ADD2AC877490059EA44 /* EnvironmentData.swift in Sources */ = {isa = PBXBuildFile; fileRef = 460B7ADC2AC877490059EA44 /* EnvironmentData.swift */; };
		460B7ADF2AC877760059EA44 /* EnvironmentService.swift in Sources */ = {isa = PBXBuildFile; fileRef = 460B7ADE2AC877760059EA44 /* EnvironmentService.swift */; };
		460B7AE12AC8787F0059EA44 /* EnvironmentVC.swift in Sources */ = {isa = PBXBuildFile; fileRef = 460B7AE02AC8787F0059EA44 /* EnvironmentVC.swift */; };
		460B7AE32AC878990059EA44 /* EnvironmentScreen.swift in Sources */ = {isa = PBXBuildFile; fileRef = 460B7AE22AC878990059EA44 /* EnvironmentScreen.swift */; };
		460B7AE52AC878D40059EA44 /* EnvironmentViewModel.swift in Sources */ = {isa = PBXBuildFile; fileRef = 460B7AE42AC878D40059EA44 /* EnvironmentViewModel.swift */; };
		460B7AEA2AC87D650059EA44 /* EnvironmentTableViewCell.swift in Sources */ = {isa = PBXBuildFile; fileRef = 460B7AE92AC87D650059EA44 /* EnvironmentTableViewCell.swift */; };
		460B7AEC2AC87D750059EA44 /* EnvironmentTableViewCellScreen.swift in Sources */ = {isa = PBXBuildFile; fileRef = 460B7AEB2AC87D750059EA44 /* EnvironmentTableViewCellScreen.swift */; };
		461BEF1E2ABA74F500C07847 /* AppDelegate.swift in Sources */ = {isa = PBXBuildFile; fileRef = 461BEF1D2ABA74F500C07847 /* AppDelegate.swift */; };
		461BEF202ABA74F500C07847 /* SceneDelegate.swift in Sources */ = {isa = PBXBuildFile; fileRef = 461BEF1F2ABA74F500C07847 /* SceneDelegate.swift */; };
		461BEF272ABA74F700C07847 /* Assets.xcassets in Resources */ = {isa = PBXBuildFile; fileRef = 461BEF262ABA74F700C07847 /* Assets.xcassets */; };
		461BEF2A2ABA74F700C07847 /* LaunchScreen.storyboard in Resources */ = {isa = PBXBuildFile; fileRef = 461BEF282ABA74F700C07847 /* LaunchScreen.storyboard */; };
		461BEF462ABA756000C07847 /* FirstInfoScreen.swift in Sources */ = {isa = PBXBuildFile; fileRef = 461BEF342ABA756000C07847 /* FirstInfoScreen.swift */; };
		461BEF472ABA756000C07847 /* FirstInfoViewController.swift in Sources */ = {isa = PBXBuildFile; fileRef = 461BEF362ABA756000C07847 /* FirstInfoViewController.swift */; };
		461BEF482ABA756000C07847 /* SecondInfoScreen.swift in Sources */ = {isa = PBXBuildFile; fileRef = 461BEF392ABA756000C07847 /* SecondInfoScreen.swift */; };
		461BEF492ABA756000C07847 /* SecondInfoViewController.swift in Sources */ = {isa = PBXBuildFile; fileRef = 461BEF3B2ABA756000C07847 /* SecondInfoViewController.swift */; };
		461BEF4C2ABA756000C07847 /* ThirdInfoScreen.swift in Sources */ = {isa = PBXBuildFile; fileRef = 461BEF432ABA756000C07847 /* ThirdInfoScreen.swift */; };
		461BEF4D2ABA756000C07847 /* ThirdInfoViewController.swift in Sources */ = {isa = PBXBuildFile; fileRef = 461BEF452ABA756000C07847 /* ThirdInfoViewController.swift */; };
		461BEF552ABA758100C07847 /* LoginViewModel.swift in Sources */ = {isa = PBXBuildFile; fileRef = 461BEF502ABA758100C07847 /* LoginViewModel.swift */; };
		461BEF562ABA758100C07847 /* LoginScreen.swift in Sources */ = {isa = PBXBuildFile; fileRef = 461BEF522ABA758100C07847 /* LoginScreen.swift */; };
		461BEF572ABA758100C07847 /* LoginVC.swift in Sources */ = {isa = PBXBuildFile; fileRef = 461BEF542ABA758100C07847 /* LoginVC.swift */; };
		461BEF5F2ABA758900C07847 /* RegisterViewModel.swift in Sources */ = {isa = PBXBuildFile; fileRef = 461BEF5A2ABA758900C07847 /* RegisterViewModel.swift */; };
		461BEF602ABA758900C07847 /* RegisterScreen.swift in Sources */ = {isa = PBXBuildFile; fileRef = 461BEF5C2ABA758900C07847 /* RegisterScreen.swift */; };
		461BEF612ABA758900C07847 /* RegisterVC.swift in Sources */ = {isa = PBXBuildFile; fileRef = 461BEF5E2ABA758900C07847 /* RegisterVC.swift */; };
		461BEF642ABA758F00C07847 /* AlertController.swift in Sources */ = {isa = PBXBuildFile; fileRef = 461BEF632ABA758F00C07847 /* AlertController.swift */; };
		461BEF682ABA759A00C07847 /* String+Extension.swift in Sources */ = {isa = PBXBuildFile; fileRef = 461BEF672ABA759A00C07847 /* String+Extension.swift */; };
		461BEF6A2ABA763A00C07847 /* GoogleService-Info.plist in Resources */ = {isa = PBXBuildFile; fileRef = 461BEF692ABA763A00C07847 /* GoogleService-Info.plist */; };
		461BEF6D2ABA767A00C07847 /* FirebaseAnalytics in Frameworks */ = {isa = PBXBuildFile; productRef = 461BEF6C2ABA767A00C07847 /* FirebaseAnalytics */; };
		461BEF6F2ABA767A00C07847 /* FirebaseAuth in Frameworks */ = {isa = PBXBuildFile; productRef = 461BEF6E2ABA767A00C07847 /* FirebaseAuth */; };
		461BEF712ABA767A00C07847 /* FirebaseCrashlytics in Frameworks */ = {isa = PBXBuildFile; productRef = 461BEF702ABA767A00C07847 /* FirebaseCrashlytics */; };
		461BEF7B2ABB677500C07847 /* HomeVC.swift in Sources */ = {isa = PBXBuildFile; fileRef = 461BEF7A2ABB677500C07847 /* HomeVC.swift */; };
		461BEF7D2ABB678900C07847 /* HomeScreen.swift in Sources */ = {isa = PBXBuildFile; fileRef = 461BEF7C2ABB678900C07847 /* HomeScreen.swift */; };
		461BEF7F2ABB679400C07847 /* HomeViewModel.swift in Sources */ = {isa = PBXBuildFile; fileRef = 461BEF7E2ABB679400C07847 /* HomeViewModel.swift */; };
		461BEF842ABB7D7000C07847 /* TabBarVC.swift in Sources */ = {isa = PBXBuildFile; fileRef = 461BEF832ABB7D7000C07847 /* TabBarVC.swift */; };
		461BEF872ABB914900C07847 /* Quote.json in Resources */ = {isa = PBXBuildFile; fileRef = 461BEF862ABB914900C07847 /* Quote.json */; };
		461BEF9A2ABC772800C07847 /* OnboardingSavesVC.swift in Sources */ = {isa = PBXBuildFile; fileRef = 461BEF992ABC772800C07847 /* OnboardingSavesVC.swift */; };
		461BEF9C2ABC773E00C07847 /* OnboardingSavesScreen.swift in Sources */ = {isa = PBXBuildFile; fileRef = 461BEF9B2ABC773E00C07847 /* OnboardingSavesScreen.swift */; };
		461BEFA02ABDD2B500C07847 /* SelfDevelopmentViewController.swift in Sources */ = {isa = PBXBuildFile; fileRef = 461BEF9F2ABDD2B500C07847 /* SelfDevelopmentViewController.swift */; };
		461BEFA22ABDD2C900C07847 /* SelfDevelopmentScreen.swift in Sources */ = {isa = PBXBuildFile; fileRef = 461BEFA12ABDD2C900C07847 /* SelfDevelopmentScreen.swift */; };
		461BEFA72ABF107B00C07847 /* PersonalDevelopmentVC.swift in Sources */ = {isa = PBXBuildFile; fileRef = 461BEFA62ABF107B00C07847 /* PersonalDevelopmentVC.swift */; };
		461BEFAB2ABF121900C07847 /* PersonalDevelopmentScreen.swift in Sources */ = {isa = PBXBuildFile; fileRef = 461BEFAA2ABF121900C07847 /* PersonalDevelopmentScreen.swift */; };
		461C713F2AD1ADAB00E18558 /* SleepData.swift in Sources */ = {isa = PBXBuildFile; fileRef = 461C713E2AD1ADAB00E18558 /* SleepData.swift */; };
		461C71412AD1AE0D00E18558 /* SleepService.swift in Sources */ = {isa = PBXBuildFile; fileRef = 461C71402AD1AE0D00E18558 /* SleepService.swift */; };
		461C71482AD1B07700E18558 /* SleepTableViewCell.swift in Sources */ = {isa = PBXBuildFile; fileRef = 461C71472AD1B07700E18558 /* SleepTableViewCell.swift */; };
		461C714A2AD1B08400E18558 /* SleepTableViewCellScreen.swift in Sources */ = {isa = PBXBuildFile; fileRef = 461C71492AD1B08400E18558 /* SleepTableViewCellScreen.swift */; };
		467D1D852AC5B638009E0B04 /* BooksVC.swift in Sources */ = {isa = PBXBuildFile; fileRef = 467D1D842AC5B638009E0B04 /* BooksVC.swift */; };
		467D1D872AC5B683009E0B04 /* BooksScreen.swift in Sources */ = {isa = PBXBuildFile; fileRef = 467D1D862AC5B683009E0B04 /* BooksScreen.swift */; };
		467D1D892AC5B90B009E0B04 /* Books.json in Resources */ = {isa = PBXBuildFile; fileRef = 467D1D882AC5B90B009E0B04 /* Books.json */; };
		467D1D8B2AC6F571009E0B04 /* BooksService.swift in Sources */ = {isa = PBXBuildFile; fileRef = 467D1D8A2AC6F571009E0B04 /* BooksService.swift */; };
		467D1D8E2AC6F687009E0B04 /* BooksData.swift in Sources */ = {isa = PBXBuildFile; fileRef = 467D1D8D2AC6F687009E0B04 /* BooksData.swift */; };
		467D1D922AC6F86B009E0B04 /* BooksViewModel.swift in Sources */ = {isa = PBXBuildFile; fileRef = 467D1D912AC6F86A009E0B04 /* BooksViewModel.swift */; };
		467D1D972AC700AD009E0B04 /* BooksTableViewCell.swift in Sources */ = {isa = PBXBuildFile; fileRef = 467D1D962AC700AD009E0B04 /* BooksTableViewCell.swift */; };
		467D1D992AC700BE009E0B04 /* BooksTableViewCellScreen.swift in Sources */ = {isa = PBXBuildFile; fileRef = 467D1D982AC700BE009E0B04 /* BooksTableViewCellScreen.swift */; };
		46DA2CD92ACC399C00DEA703 /* HabitsVC.swift in Sources */ = {isa = PBXBuildFile; fileRef = 46DA2CD82ACC399C00DEA703 /* HabitsVC.swift */; };
		46DA2CDB2ACC39AE00DEA703 /* HabitsScreen.swift in Sources */ = {isa = PBXBuildFile; fileRef = 46DA2CDA2ACC39AE00DEA703 /* HabitsScreen.swift */; };
		46DA2CDE2ACC39C900DEA703 /* HabitsViewModel.swift in Sources */ = {isa = PBXBuildFile; fileRef = 46DA2CDD2ACC39C900DEA703 /* HabitsViewModel.swift */; };
		46DA2CE42ACC3C3D00DEA703 /* Habits.json in Resources */ = {isa = PBXBuildFile; fileRef = 46DA2CE32ACC3C3D00DEA703 /* Habits.json */; };
		46DA2CE62ACC426300DEA703 /* HabitsData.swift in Sources */ = {isa = PBXBuildFile; fileRef = 46DA2CE52ACC426300DEA703 /* HabitsData.swift */; };
		46DA2CE82ACC429100DEA703 /* HabitsService.swift in Sources */ = {isa = PBXBuildFile; fileRef = 46DA2CE72ACC429100DEA703 /* HabitsService.swift */; };
		46DA2CED2ACC46D200DEA703 /* HabitsTableViewCell.swift in Sources */ = {isa = PBXBuildFile; fileRef = 46DA2CEC2ACC46D200DEA703 /* HabitsTableViewCell.swift */; };
		46DA2CEF2ACC472000DEA703 /* HabitsTableViewCellScreen.swift in Sources */ = {isa = PBXBuildFile; fileRef = 46DA2CEE2ACC472000DEA703 /* HabitsTableViewCellScreen.swift */; };
		46EEDCBC2AD42AF4005A7164 /* goldenRules.json in Resources */ = {isa = PBXBuildFile; fileRef = 46EEDCBB2AD42AF4005A7164 /* goldenRules.json */; };
		46EEDCC32AD431CF005A7164 /* GoldenRulesVC.swift in Sources */ = {isa = PBXBuildFile; fileRef = 46EEDCC22AD431CF005A7164 /* GoldenRulesVC.swift */; };
		46EEDCC52AD431E6005A7164 /* GoldenRulesScreen.swift in Sources */ = {isa = PBXBuildFile; fileRef = 46EEDCC42AD431E6005A7164 /* GoldenRulesScreen.swift */; };
		46EEDCC72AD431F4005A7164 /* GoldenRulesViewModel.swift in Sources */ = {isa = PBXBuildFile; fileRef = 46EEDCC62AD431F4005A7164 /* GoldenRulesViewModel.swift */; };
		46EEDCC92AD435F9005A7164 /* GoldenRulesService.swift in Sources */ = {isa = PBXBuildFile; fileRef = 46EEDCC82AD435F9005A7164 /* GoldenRulesService.swift */; };
		46EEDCCB2AD43655005A7164 /* GoldenRulesData.swift in Sources */ = {isa = PBXBuildFile; fileRef = 46EEDCCA2AD43655005A7164 /* GoldenRulesData.swift */; };
		46EEDCD02AD436BF005A7164 /* GoldenRulesTableViewCell.swift in Sources */ = {isa = PBXBuildFile; fileRef = 46EEDCCF2AD436BF005A7164 /* GoldenRulesTableViewCell.swift */; };
		46EEDCD22AD436CD005A7164 /* GoldenRulesTableViewCellScreen.swift in Sources */ = {isa = PBXBuildFile; fileRef = 46EEDCD12AD436CD005A7164 /* GoldenRulesTableViewCellScreen.swift */; };
		46EEDCDA2AD57804005A7164 /* FixedIncomeVC.swift in Sources */ = {isa = PBXBuildFile; fileRef = 46EEDCD92AD57804005A7164 /* FixedIncomeVC.swift */; };
		46EEDCDC2AD57812005A7164 /* FixedIncomeScreen.swift in Sources */ = {isa = PBXBuildFile; fileRef = 46EEDCDB2AD57812005A7164 /* FixedIncomeScreen.swift */; };
		46EEDCE22AD58DB4005A7164 /* CDB.json in Resources */ = {isa = PBXBuildFile; fileRef = 46EEDCE12AD58DB4005A7164 /* CDB.json */; };
		46EEDCE42AD59654005A7164 /* CdbData.swift in Sources */ = {isa = PBXBuildFile; fileRef = 46EEDCE32AD59654005A7164 /* CdbData.swift */; };
		46EEDCE62AD5B0CD005A7164 /* CdbVC.swift in Sources */ = {isa = PBXBuildFile; fileRef = 46EEDCE52AD5B0CD005A7164 /* CdbVC.swift */; };
		46EEDCE82AD5B0DA005A7164 /* CdbScreen.swift in Sources */ = {isa = PBXBuildFile; fileRef = 46EEDCE72AD5B0DA005A7164 /* CdbScreen.swift */; };
		46EEDCEA2AD5B0EC005A7164 /* CdbViewModel.swift in Sources */ = {isa = PBXBuildFile; fileRef = 46EEDCE92AD5B0EC005A7164 /* CdbViewModel.swift */; };
		46EEDCEF2AD6C799005A7164 /* CDBTableViewCell.swift in Sources */ = {isa = PBXBuildFile; fileRef = 46EEDCEE2AD6C799005A7164 /* CDBTableViewCell.swift */; };
		46EEDCF12AD6C7AB005A7164 /* CDBTableViewCellScreen.swift in Sources */ = {isa = PBXBuildFile; fileRef = 46EEDCF02AD6C7AB005A7164 /* CDBTableViewCellScreen.swift */; };
		46EEDCF32AD6CD52005A7164 /* CDBService.swift in Sources */ = {isa = PBXBuildFile; fileRef = 46EEDCF22AD6CD52005A7164 /* CDBService.swift */; };
/* End PBXBuildFile section */

/* Begin PBXFileReference section */
		460536962ACEEE62003FC929 /* Stoicism.json */ = {isa = PBXFileReference; lastKnownFileType = text.json; path = Stoicism.json; sourceTree = "<group>"; };
		4605369B2ACEF65A003FC929 /* StoicismData.swift */ = {isa = PBXFileReference; lastKnownFileType = sourcecode.swift; path = StoicismData.swift; sourceTree = "<group>"; };
		460536A12ACEF6D0003FC929 /* StoicismVC.swift */ = {isa = PBXFileReference; lastKnownFileType = sourcecode.swift; path = StoicismVC.swift; sourceTree = "<group>"; };
		460536A32ACEF6E8003FC929 /* StoicismScreen.swift */ = {isa = PBXFileReference; lastKnownFileType = sourcecode.swift; path = StoicismScreen.swift; sourceTree = "<group>"; };
		460536A52ACEF6F9003FC929 /* StoicismViewModel.swift */ = {isa = PBXFileReference; lastKnownFileType = sourcecode.swift; path = StoicismViewModel.swift; sourceTree = "<group>"; };
		460536AA2ACEF938003FC929 /* StoicismTableViewCell.swift */ = {isa = PBXFileReference; lastKnownFileType = sourcecode.swift; path = StoicismTableViewCell.swift; sourceTree = "<group>"; };
		460536AC2ACEF94F003FC929 /* StoicismTableViewCellScreen.swift */ = {isa = PBXFileReference; lastKnownFileType = sourcecode.swift; path = StoicismTableViewCellScreen.swift; sourceTree = "<group>"; };
		460536AE2AD0421E003FC929 /* StoicismService.swift */ = {isa = PBXFileReference; lastKnownFileType = sourcecode.swift; path = StoicismService.swift; sourceTree = "<group>"; };
		460536B42AD04B05003FC929 /* SleepVC.swift */ = {isa = PBXFileReference; lastKnownFileType = sourcecode.swift; path = SleepVC.swift; sourceTree = "<group>"; };
		460536B62AD04B14003FC929 /* SleepScreen.swift */ = {isa = PBXFileReference; lastKnownFileType = sourcecode.swift; path = SleepScreen.swift; sourceTree = "<group>"; };
		460536B82AD04B22003FC929 /* SleepViewModel.swift */ = {isa = PBXFileReference; lastKnownFileType = sourcecode.swift; path = SleepViewModel.swift; sourceTree = "<group>"; };
		460536BA2AD04E21003FC929 /* Sleep.json */ = {isa = PBXFileReference; lastKnownFileType = text.json; path = Sleep.json; sourceTree = "<group>"; };
		4605838A2AC1C0E900446A6F /* PersonalDevelopmentTableViewCell.swift */ = {isa = PBXFileReference; lastKnownFileType = sourcecode.swift; path = PersonalDevelopmentTableViewCell.swift; sourceTree = "<group>"; };
		4605838C2AC1C1EA00446A6F /* PersonalDevelopmentTableViewScreen.swift */ = {isa = PBXFileReference; lastKnownFileType = sourcecode.swift; path = PersonalDevelopmentTableViewScreen.swift; sourceTree = "<group>"; };
		460583902AC1C3E300446A6F /* QuotesService.swift */ = {isa = PBXFileReference; lastKnownFileType = sourcecode.swift; path = QuotesService.swift; sourceTree = "<group>"; };
		460583952AC1C4ED00446A6F /* QuoteData.swift */ = {isa = PBXFileReference; lastKnownFileType = sourcecode.swift; path = QuoteData.swift; sourceTree = "<group>"; };
		4605839A2AC1C7F900446A6F /* PersonalDevelopmentViewModel.swift */ = {isa = PBXFileReference; lastKnownFileType = sourcecode.swift; path = PersonalDevelopmentViewModel.swift; sourceTree = "<group>"; };
		4605839F2AC4602200446A6F /* SavingMoneyVC.swift */ = {isa = PBXFileReference; lastKnownFileType = sourcecode.swift; path = SavingMoneyVC.swift; sourceTree = "<group>"; };
		460583A12AC4603100446A6F /* SavingMoneyScreen.swift */ = {isa = PBXFileReference; lastKnownFileType = sourcecode.swift; path = SavingMoneyScreen.swift; sourceTree = "<group>"; };
		460583AC2AC4784800446A6F /* MoneyPhrasesService.swift */ = {isa = PBXFileReference; lastKnownFileType = sourcecode.swift; path = MoneyPhrasesService.swift; sourceTree = "<group>"; };
		460583AF2AC47A5700446A6F /* SavingMoneyViewModel.swift */ = {isa = PBXFileReference; lastKnownFileType = sourcecode.swift; path = SavingMoneyViewModel.swift; sourceTree = "<group>"; };
		460583B42AC47EB300446A6F /* SavingMoneyTableViewCell.swift */ = {isa = PBXFileReference; lastKnownFileType = sourcecode.swift; path = SavingMoneyTableViewCell.swift; sourceTree = "<group>"; };
		460583B62AC47ED000446A6F /* SavingMoneyTableViewScreen.swift */ = {isa = PBXFileReference; lastKnownFileType = sourcecode.swift; path = SavingMoneyTableViewScreen.swift; sourceTree = "<group>"; };
		460583BE2AC48E0400446A6F /* MoneyPhrases.json */ = {isa = PBXFileReference; lastKnownFileType = text.json; path = MoneyPhrases.json; sourceTree = "<group>"; };
		460583C02AC48EA000446A6F /* MoneyPhrasesData.swift */ = {isa = PBXFileReference; lastKnownFileType = sourcecode.swift; path = MoneyPhrasesData.swift; sourceTree = "<group>"; };
		460B7AC02AC849200059EA44 /* DeepWorkVC.swift */ = {isa = PBXFileReference; lastKnownFileType = sourcecode.swift; path = DeepWorkVC.swift; sourceTree = "<group>"; };
		460B7AC22AC8492E0059EA44 /* DeepWorkScreen.swift */ = {isa = PBXFileReference; lastKnownFileType = sourcecode.swift; path = DeepWorkScreen.swift; sourceTree = "<group>"; };
		460B7AC52AC851C00059EA44 /* DeepWorkViewModel.swift */ = {isa = PBXFileReference; lastKnownFileType = sourcecode.swift; path = DeepWorkViewModel.swift; sourceTree = "<group>"; };
		460B7AC72AC852200059EA44 /* DeepWork.json */ = {isa = PBXFileReference; lastKnownFileType = text.json; path = DeepWork.json; sourceTree = "<group>"; };
		460B7AC92AC857400059EA44 /* DeepWorkData.swift */ = {isa = PBXFileReference; lastKnownFileType = sourcecode.swift; path = DeepWorkData.swift; sourceTree = "<group>"; };
		460B7ACB2AC857770059EA44 /* DeepWorkService.swift */ = {isa = PBXFileReference; lastKnownFileType = sourcecode.swift; path = DeepWorkService.swift; sourceTree = "<group>"; };
		460B7AD02AC85B4B0059EA44 /* DeepWorkTableViewCell.swift */ = {isa = PBXFileReference; lastKnownFileType = sourcecode.swift; path = DeepWorkTableViewCell.swift; sourceTree = "<group>"; };
		460B7AD22AC85B620059EA44 /* DeepWorkTableViewCellScreen.swift */ = {isa = PBXFileReference; lastKnownFileType = sourcecode.swift; path = DeepWorkTableViewCellScreen.swift; sourceTree = "<group>"; };
		460B7AD82AC8746E0059EA44 /* Environment.json */ = {isa = PBXFileReference; lastKnownFileType = text.json; path = Environment.json; sourceTree = "<group>"; };
		460B7ADC2AC877490059EA44 /* EnvironmentData.swift */ = {isa = PBXFileReference; lastKnownFileType = sourcecode.swift; path = EnvironmentData.swift; sourceTree = "<group>"; };
		460B7ADE2AC877760059EA44 /* EnvironmentService.swift */ = {isa = PBXFileReference; lastKnownFileType = sourcecode.swift; path = EnvironmentService.swift; sourceTree = "<group>"; };
		460B7AE02AC8787F0059EA44 /* EnvironmentVC.swift */ = {isa = PBXFileReference; lastKnownFileType = sourcecode.swift; path = EnvironmentVC.swift; sourceTree = "<group>"; };
		460B7AE22AC878990059EA44 /* EnvironmentScreen.swift */ = {isa = PBXFileReference; lastKnownFileType = sourcecode.swift; path = EnvironmentScreen.swift; sourceTree = "<group>"; };
		460B7AE42AC878D40059EA44 /* EnvironmentViewModel.swift */ = {isa = PBXFileReference; lastKnownFileType = sourcecode.swift; path = EnvironmentViewModel.swift; sourceTree = "<group>"; };
		460B7AE92AC87D650059EA44 /* EnvironmentTableViewCell.swift */ = {isa = PBXFileReference; lastKnownFileType = sourcecode.swift; path = EnvironmentTableViewCell.swift; sourceTree = "<group>"; };
		460B7AEB2AC87D750059EA44 /* EnvironmentTableViewCellScreen.swift */ = {isa = PBXFileReference; lastKnownFileType = sourcecode.swift; path = EnvironmentTableViewCellScreen.swift; sourceTree = "<group>"; };
		461BEF1A2ABA74F500C07847 /* UpYou.app */ = {isa = PBXFileReference; explicitFileType = wrapper.application; includeInIndex = 0; path = UpYou.app; sourceTree = BUILT_PRODUCTS_DIR; };
		461BEF1D2ABA74F500C07847 /* AppDelegate.swift */ = {isa = PBXFileReference; lastKnownFileType = sourcecode.swift; path = AppDelegate.swift; sourceTree = "<group>"; };
		461BEF1F2ABA74F500C07847 /* SceneDelegate.swift */ = {isa = PBXFileReference; lastKnownFileType = sourcecode.swift; path = SceneDelegate.swift; sourceTree = "<group>"; };
		461BEF262ABA74F700C07847 /* Assets.xcassets */ = {isa = PBXFileReference; lastKnownFileType = folder.assetcatalog; path = Assets.xcassets; sourceTree = "<group>"; };
		461BEF292ABA74F700C07847 /* Base */ = {isa = PBXFileReference; lastKnownFileType = file.storyboard; name = Base; path = Base.lproj/LaunchScreen.storyboard; sourceTree = "<group>"; };
		461BEF2B2ABA74F700C07847 /* Info.plist */ = {isa = PBXFileReference; lastKnownFileType = text.plist.xml; path = Info.plist; sourceTree = "<group>"; };
		461BEF342ABA756000C07847 /* FirstInfoScreen.swift */ = {isa = PBXFileReference; fileEncoding = 4; lastKnownFileType = sourcecode.swift; path = FirstInfoScreen.swift; sourceTree = "<group>"; };
		461BEF362ABA756000C07847 /* FirstInfoViewController.swift */ = {isa = PBXFileReference; fileEncoding = 4; lastKnownFileType = sourcecode.swift; path = FirstInfoViewController.swift; sourceTree = "<group>"; };
		461BEF392ABA756000C07847 /* SecondInfoScreen.swift */ = {isa = PBXFileReference; fileEncoding = 4; lastKnownFileType = sourcecode.swift; path = SecondInfoScreen.swift; sourceTree = "<group>"; };
		461BEF3B2ABA756000C07847 /* SecondInfoViewController.swift */ = {isa = PBXFileReference; fileEncoding = 4; lastKnownFileType = sourcecode.swift; path = SecondInfoViewController.swift; sourceTree = "<group>"; };
		461BEF432ABA756000C07847 /* ThirdInfoScreen.swift */ = {isa = PBXFileReference; fileEncoding = 4; lastKnownFileType = sourcecode.swift; path = ThirdInfoScreen.swift; sourceTree = "<group>"; };
		461BEF452ABA756000C07847 /* ThirdInfoViewController.swift */ = {isa = PBXFileReference; fileEncoding = 4; lastKnownFileType = sourcecode.swift; path = ThirdInfoViewController.swift; sourceTree = "<group>"; };
		461BEF502ABA758100C07847 /* LoginViewModel.swift */ = {isa = PBXFileReference; fileEncoding = 4; lastKnownFileType = sourcecode.swift; path = LoginViewModel.swift; sourceTree = "<group>"; };
		461BEF522ABA758100C07847 /* LoginScreen.swift */ = {isa = PBXFileReference; fileEncoding = 4; lastKnownFileType = sourcecode.swift; path = LoginScreen.swift; sourceTree = "<group>"; };
		461BEF542ABA758100C07847 /* LoginVC.swift */ = {isa = PBXFileReference; fileEncoding = 4; lastKnownFileType = sourcecode.swift; path = LoginVC.swift; sourceTree = "<group>"; };
		461BEF5A2ABA758900C07847 /* RegisterViewModel.swift */ = {isa = PBXFileReference; fileEncoding = 4; lastKnownFileType = sourcecode.swift; path = RegisterViewModel.swift; sourceTree = "<group>"; };
		461BEF5C2ABA758900C07847 /* RegisterScreen.swift */ = {isa = PBXFileReference; fileEncoding = 4; lastKnownFileType = sourcecode.swift; path = RegisterScreen.swift; sourceTree = "<group>"; };
		461BEF5E2ABA758900C07847 /* RegisterVC.swift */ = {isa = PBXFileReference; fileEncoding = 4; lastKnownFileType = sourcecode.swift; path = RegisterVC.swift; sourceTree = "<group>"; };
		461BEF632ABA758F00C07847 /* AlertController.swift */ = {isa = PBXFileReference; fileEncoding = 4; lastKnownFileType = sourcecode.swift; path = AlertController.swift; sourceTree = "<group>"; };
		461BEF672ABA759A00C07847 /* String+Extension.swift */ = {isa = PBXFileReference; fileEncoding = 4; lastKnownFileType = sourcecode.swift; path = "String+Extension.swift"; sourceTree = "<group>"; };
		461BEF692ABA763A00C07847 /* GoogleService-Info.plist */ = {isa = PBXFileReference; fileEncoding = 4; lastKnownFileType = text.plist.xml; path = "GoogleService-Info.plist"; sourceTree = "<group>"; };
		461BEF7A2ABB677500C07847 /* HomeVC.swift */ = {isa = PBXFileReference; lastKnownFileType = sourcecode.swift; path = HomeVC.swift; sourceTree = "<group>"; };
		461BEF7C2ABB678900C07847 /* HomeScreen.swift */ = {isa = PBXFileReference; lastKnownFileType = sourcecode.swift; path = HomeScreen.swift; sourceTree = "<group>"; };
		461BEF7E2ABB679400C07847 /* HomeViewModel.swift */ = {isa = PBXFileReference; lastKnownFileType = sourcecode.swift; path = HomeViewModel.swift; sourceTree = "<group>"; };
		461BEF832ABB7D7000C07847 /* TabBarVC.swift */ = {isa = PBXFileReference; lastKnownFileType = sourcecode.swift; path = TabBarVC.swift; sourceTree = "<group>"; };
		461BEF862ABB914900C07847 /* Quote.json */ = {isa = PBXFileReference; lastKnownFileType = text.json; path = Quote.json; sourceTree = "<group>"; };
		461BEF992ABC772800C07847 /* OnboardingSavesVC.swift */ = {isa = PBXFileReference; lastKnownFileType = sourcecode.swift; path = OnboardingSavesVC.swift; sourceTree = "<group>"; };
		461BEF9B2ABC773E00C07847 /* OnboardingSavesScreen.swift */ = {isa = PBXFileReference; lastKnownFileType = sourcecode.swift; path = OnboardingSavesScreen.swift; sourceTree = "<group>"; };
		461BEF9F2ABDD2B500C07847 /* SelfDevelopmentViewController.swift */ = {isa = PBXFileReference; lastKnownFileType = sourcecode.swift; path = SelfDevelopmentViewController.swift; sourceTree = "<group>"; };
		461BEFA12ABDD2C900C07847 /* SelfDevelopmentScreen.swift */ = {isa = PBXFileReference; lastKnownFileType = sourcecode.swift; path = SelfDevelopmentScreen.swift; sourceTree = "<group>"; };
		461BEFA62ABF107B00C07847 /* PersonalDevelopmentVC.swift */ = {isa = PBXFileReference; lastKnownFileType = sourcecode.swift; path = PersonalDevelopmentVC.swift; sourceTree = "<group>"; };
		461BEFAA2ABF121900C07847 /* PersonalDevelopmentScreen.swift */ = {isa = PBXFileReference; lastKnownFileType = sourcecode.swift; path = PersonalDevelopmentScreen.swift; sourceTree = "<group>"; };
		461C713E2AD1ADAB00E18558 /* SleepData.swift */ = {isa = PBXFileReference; lastKnownFileType = sourcecode.swift; path = SleepData.swift; sourceTree = "<group>"; };
		461C71402AD1AE0D00E18558 /* SleepService.swift */ = {isa = PBXFileReference; lastKnownFileType = sourcecode.swift; path = SleepService.swift; sourceTree = "<group>"; };
		461C71472AD1B07700E18558 /* SleepTableViewCell.swift */ = {isa = PBXFileReference; lastKnownFileType = sourcecode.swift; path = SleepTableViewCell.swift; sourceTree = "<group>"; };
		461C71492AD1B08400E18558 /* SleepTableViewCellScreen.swift */ = {isa = PBXFileReference; lastKnownFileType = sourcecode.swift; path = SleepTableViewCellScreen.swift; sourceTree = "<group>"; };
		467D1D842AC5B638009E0B04 /* BooksVC.swift */ = {isa = PBXFileReference; lastKnownFileType = sourcecode.swift; path = BooksVC.swift; sourceTree = "<group>"; };
		467D1D862AC5B683009E0B04 /* BooksScreen.swift */ = {isa = PBXFileReference; lastKnownFileType = sourcecode.swift; path = BooksScreen.swift; sourceTree = "<group>"; };
		467D1D882AC5B90B009E0B04 /* Books.json */ = {isa = PBXFileReference; lastKnownFileType = text.json; path = Books.json; sourceTree = "<group>"; };
		467D1D8A2AC6F571009E0B04 /* BooksService.swift */ = {isa = PBXFileReference; lastKnownFileType = sourcecode.swift; path = BooksService.swift; sourceTree = "<group>"; };
		467D1D8D2AC6F687009E0B04 /* BooksData.swift */ = {isa = PBXFileReference; lastKnownFileType = sourcecode.swift; path = BooksData.swift; sourceTree = "<group>"; };
		467D1D912AC6F86A009E0B04 /* BooksViewModel.swift */ = {isa = PBXFileReference; lastKnownFileType = sourcecode.swift; path = BooksViewModel.swift; sourceTree = "<group>"; };
		467D1D962AC700AD009E0B04 /* BooksTableViewCell.swift */ = {isa = PBXFileReference; lastKnownFileType = sourcecode.swift; path = BooksTableViewCell.swift; sourceTree = "<group>"; };
		467D1D982AC700BE009E0B04 /* BooksTableViewCellScreen.swift */ = {isa = PBXFileReference; lastKnownFileType = sourcecode.swift; path = BooksTableViewCellScreen.swift; sourceTree = "<group>"; };
		46DA2CD82ACC399C00DEA703 /* HabitsVC.swift */ = {isa = PBXFileReference; lastKnownFileType = sourcecode.swift; path = HabitsVC.swift; sourceTree = "<group>"; };
		46DA2CDA2ACC39AE00DEA703 /* HabitsScreen.swift */ = {isa = PBXFileReference; lastKnownFileType = sourcecode.swift; path = HabitsScreen.swift; sourceTree = "<group>"; };
		46DA2CDD2ACC39C900DEA703 /* HabitsViewModel.swift */ = {isa = PBXFileReference; lastKnownFileType = sourcecode.swift; path = HabitsViewModel.swift; sourceTree = "<group>"; };
		46DA2CE32ACC3C3D00DEA703 /* Habits.json */ = {isa = PBXFileReference; lastKnownFileType = text.json; path = Habits.json; sourceTree = "<group>"; };
		46DA2CE52ACC426300DEA703 /* HabitsData.swift */ = {isa = PBXFileReference; lastKnownFileType = sourcecode.swift; path = HabitsData.swift; sourceTree = "<group>"; };
		46DA2CE72ACC429100DEA703 /* HabitsService.swift */ = {isa = PBXFileReference; lastKnownFileType = sourcecode.swift; path = HabitsService.swift; sourceTree = "<group>"; };
		46DA2CEC2ACC46D200DEA703 /* HabitsTableViewCell.swift */ = {isa = PBXFileReference; lastKnownFileType = sourcecode.swift; path = HabitsTableViewCell.swift; sourceTree = "<group>"; };
		46DA2CEE2ACC472000DEA703 /* HabitsTableViewCellScreen.swift */ = {isa = PBXFileReference; lastKnownFileType = sourcecode.swift; path = HabitsTableViewCellScreen.swift; sourceTree = "<group>"; };
		46EEDCBB2AD42AF4005A7164 /* goldenRules.json */ = {isa = PBXFileReference; lastKnownFileType = text.json; path = goldenRules.json; sourceTree = "<group>"; };
		46EEDCC22AD431CF005A7164 /* GoldenRulesVC.swift */ = {isa = PBXFileReference; lastKnownFileType = sourcecode.swift; path = GoldenRulesVC.swift; sourceTree = "<group>"; };
		46EEDCC42AD431E6005A7164 /* GoldenRulesScreen.swift */ = {isa = PBXFileReference; lastKnownFileType = sourcecode.swift; path = GoldenRulesScreen.swift; sourceTree = "<group>"; };
		46EEDCC62AD431F4005A7164 /* GoldenRulesViewModel.swift */ = {isa = PBXFileReference; lastKnownFileType = sourcecode.swift; path = GoldenRulesViewModel.swift; sourceTree = "<group>"; };
		46EEDCC82AD435F9005A7164 /* GoldenRulesService.swift */ = {isa = PBXFileReference; lastKnownFileType = sourcecode.swift; path = GoldenRulesService.swift; sourceTree = "<group>"; };
		46EEDCCA2AD43655005A7164 /* GoldenRulesData.swift */ = {isa = PBXFileReference; lastKnownFileType = sourcecode.swift; path = GoldenRulesData.swift; sourceTree = "<group>"; };
		46EEDCCF2AD436BF005A7164 /* GoldenRulesTableViewCell.swift */ = {isa = PBXFileReference; lastKnownFileType = sourcecode.swift; path = GoldenRulesTableViewCell.swift; sourceTree = "<group>"; };
		46EEDCD12AD436CD005A7164 /* GoldenRulesTableViewCellScreen.swift */ = {isa = PBXFileReference; lastKnownFileType = sourcecode.swift; path = GoldenRulesTableViewCellScreen.swift; sourceTree = "<group>"; };
		46EEDCD92AD57804005A7164 /* FixedIncomeVC.swift */ = {isa = PBXFileReference; lastKnownFileType = sourcecode.swift; path = FixedIncomeVC.swift; sourceTree = "<group>"; };
		46EEDCDB2AD57812005A7164 /* FixedIncomeScreen.swift */ = {isa = PBXFileReference; lastKnownFileType = sourcecode.swift; path = FixedIncomeScreen.swift; sourceTree = "<group>"; };
		46EEDCE12AD58DB4005A7164 /* CDB.json */ = {isa = PBXFileReference; lastKnownFileType = text.json; path = CDB.json; sourceTree = "<group>"; };
		46EEDCE32AD59654005A7164 /* CdbData.swift */ = {isa = PBXFileReference; lastKnownFileType = sourcecode.swift; path = CdbData.swift; sourceTree = "<group>"; };
		46EEDCE52AD5B0CD005A7164 /* CdbVC.swift */ = {isa = PBXFileReference; lastKnownFileType = sourcecode.swift; path = CdbVC.swift; sourceTree = "<group>"; };
		46EEDCE72AD5B0DA005A7164 /* CdbScreen.swift */ = {isa = PBXFileReference; lastKnownFileType = sourcecode.swift; path = CdbScreen.swift; sourceTree = "<group>"; };
		46EEDCE92AD5B0EC005A7164 /* CdbViewModel.swift */ = {isa = PBXFileReference; lastKnownFileType = sourcecode.swift; path = CdbViewModel.swift; sourceTree = "<group>"; };
		46EEDCEE2AD6C799005A7164 /* CDBTableViewCell.swift */ = {isa = PBXFileReference; lastKnownFileType = sourcecode.swift; path = CDBTableViewCell.swift; sourceTree = "<group>"; };
		46EEDCF02AD6C7AB005A7164 /* CDBTableViewCellScreen.swift */ = {isa = PBXFileReference; lastKnownFileType = sourcecode.swift; path = CDBTableViewCellScreen.swift; sourceTree = "<group>"; };
		46EEDCF22AD6CD52005A7164 /* CDBService.swift */ = {isa = PBXFileReference; lastKnownFileType = sourcecode.swift; path = CDBService.swift; sourceTree = "<group>"; };
/* End PBXFileReference section */

/* Begin PBXFrameworksBuildPhase section */
		461BEF172ABA74F500C07847 /* Frameworks */ = {
			isa = PBXFrameworksBuildPhase;
			buildActionMask = 2147483647;
			files = (
				461BEF712ABA767A00C07847 /* FirebaseCrashlytics in Frameworks */,
				461BEF6D2ABA767A00C07847 /* FirebaseAnalytics in Frameworks */,
				461BEF6F2ABA767A00C07847 /* FirebaseAuth in Frameworks */,
			);
			runOnlyForDeploymentPostprocessing = 0;
		};
/* End PBXFrameworksBuildPhase section */

/* Begin PBXGroup section */
		4605369D2ACEF67C003FC929 /* Stoicism */ = {
			isa = PBXGroup;
			children = (
				4605369E2ACEF696003FC929 /* ViewController */,
				4605369F2ACEF69D003FC929 /* Screen */,
				460536A02ACEF6A1003FC929 /* ViewModel */,
			);
			path = Stoicism;
			sourceTree = "<group>";
		};
		4605369E2ACEF696003FC929 /* ViewController */ = {
			isa = PBXGroup;
			children = (
				460536A12ACEF6D0003FC929 /* StoicismVC.swift */,
			);
			path = ViewController;
			sourceTree = "<group>";
		};
		4605369F2ACEF69D003FC929 /* Screen */ = {
			isa = PBXGroup;
			children = (
				460536A32ACEF6E8003FC929 /* StoicismScreen.swift */,
			);
			path = Screen;
			sourceTree = "<group>";
		};
		460536A02ACEF6A1003FC929 /* ViewModel */ = {
			isa = PBXGroup;
			children = (
				460536A52ACEF6F9003FC929 /* StoicismViewModel.swift */,
			);
			path = ViewModel;
			sourceTree = "<group>";
		};
		460536A72ACEF8F6003FC929 /* StoicismCell */ = {
			isa = PBXGroup;
			children = (
				460536A82ACEF914003FC929 /* TableViewCell */,
				460536A92ACEF91B003FC929 /* Screen */,
			);
			path = StoicismCell;
			sourceTree = "<group>";
		};
		460536A82ACEF914003FC929 /* TableViewCell */ = {
			isa = PBXGroup;
			children = (
				460536AA2ACEF938003FC929 /* StoicismTableViewCell.swift */,
			);
			path = TableViewCell;
			sourceTree = "<group>";
		};
		460536A92ACEF91B003FC929 /* Screen */ = {
			isa = PBXGroup;
			children = (
				460536AC2ACEF94F003FC929 /* StoicismTableViewCellScreen.swift */,
			);
			path = Screen;
			sourceTree = "<group>";
		};
		460536B02AD04A95003FC929 /* Sleep */ = {
			isa = PBXGroup;
			children = (
				460536B12AD04AE4003FC929 /* ViewController */,
				460536B22AD04AE9003FC929 /* Screen */,
				460536B32AD04AEF003FC929 /* ViewModel */,
			);
			path = Sleep;
			sourceTree = "<group>";
		};
		460536B12AD04AE4003FC929 /* ViewController */ = {
			isa = PBXGroup;
			children = (
				460536B42AD04B05003FC929 /* SleepVC.swift */,
			);
			path = ViewController;
			sourceTree = "<group>";
		};
		460536B22AD04AE9003FC929 /* Screen */ = {
			isa = PBXGroup;
			children = (
				460536B62AD04B14003FC929 /* SleepScreen.swift */,
			);
			path = Screen;
			sourceTree = "<group>";
		};
		460536B32AD04AEF003FC929 /* ViewModel */ = {
			isa = PBXGroup;
			children = (
				460536B82AD04B22003FC929 /* SleepViewModel.swift */,
			);
			path = ViewModel;
			sourceTree = "<group>";
		};
		460583872AC1C0BF00446A6F /* PersonalDevelopmentCell */ = {
			isa = PBXGroup;
			children = (
				460583882AC1C0CA00446A6F /* TableViewCell */,
				460583892AC1C0CE00446A6F /* Screen */,
			);
			path = PersonalDevelopmentCell;
			sourceTree = "<group>";
		};
		460583882AC1C0CA00446A6F /* TableViewCell */ = {
			isa = PBXGroup;
			children = (
				4605838A2AC1C0E900446A6F /* PersonalDevelopmentTableViewCell.swift */,
			);
			path = TableViewCell;
			sourceTree = "<group>";
		};
		460583892AC1C0CE00446A6F /* Screen */ = {
			isa = PBXGroup;
			children = (
				4605838C2AC1C1EA00446A6F /* PersonalDevelopmentTableViewScreen.swift */,
			);
			path = Screen;
			sourceTree = "<group>";
		};
		4605838E2AC1C3A600446A6F /* Service */ = {
			isa = PBXGroup;
			children = (
				461C714E2AD1B7A300E18558 /* Finance Section */,
				461C714D2AD1B79500E18558 /* Personal Development Section */,
			);
			path = Service;
			sourceTree = "<group>";
		};
		460583922AC1C4A200446A6F /* Model */ = {
			isa = PBXGroup;
			children = (
				461C714F2AD1B7CD00E18558 /* Finance Section */,
				461C71502AD1B7DE00E18558 /* Personal Development Section */,
			);
			path = Model;
			sourceTree = "<group>";
		};
		460583992AC1C7CB00446A6F /* ViewModel */ = {
			isa = PBXGroup;
			children = (
				4605839A2AC1C7F900446A6F /* PersonalDevelopmentViewModel.swift */,
			);
			path = ViewModel;
			sourceTree = "<group>";
		};
		4605839C2AC45FAC00446A6F /* SavingMoney */ = {
			isa = PBXGroup;
			children = (
				4605839D2AC45FEC00446A6F /* ViewController */,
				4605839E2AC45FF100446A6F /* Screen */,
				460583AE2AC47A1A00446A6F /* ViewModel */,
			);
			path = SavingMoney;
			sourceTree = "<group>";
		};
		4605839D2AC45FEC00446A6F /* ViewController */ = {
			isa = PBXGroup;
			children = (
				4605839F2AC4602200446A6F /* SavingMoneyVC.swift */,
			);
			path = ViewController;
			sourceTree = "<group>";
		};
		4605839E2AC45FF100446A6F /* Screen */ = {
			isa = PBXGroup;
			children = (
				460583A12AC4603100446A6F /* SavingMoneyScreen.swift */,
			);
			path = Screen;
			sourceTree = "<group>";
		};
		460583A32AC4610900446A6F /* Onboarding */ = {
			isa = PBXGroup;
			children = (
				461BEFA32ABDD2D000C07847 /* ViewController */,
				461BEFA42ABDD2DB00C07847 /* Screen */,
			);
			path = Onboarding;
			sourceTree = "<group>";
		};
		460583AE2AC47A1A00446A6F /* ViewModel */ = {
			isa = PBXGroup;
			children = (
				460583AF2AC47A5700446A6F /* SavingMoneyViewModel.swift */,
			);
			path = ViewModel;
			sourceTree = "<group>";
		};
		460583B12AC47DBE00446A6F /* SavingMoneyCell */ = {
			isa = PBXGroup;
			children = (
				460583B22AC47DD400446A6F /* TableViewCell */,
				460583B32AC47DD900446A6F /* Screen */,
			);
			path = SavingMoneyCell;
			sourceTree = "<group>";
		};
		460583B22AC47DD400446A6F /* TableViewCell */ = {
			isa = PBXGroup;
			children = (
				460583B42AC47EB300446A6F /* SavingMoneyTableViewCell.swift */,
			);
			path = TableViewCell;
			sourceTree = "<group>";
		};
		460583B32AC47DD900446A6F /* Screen */ = {
			isa = PBXGroup;
			children = (
				460583B62AC47ED000446A6F /* SavingMoneyTableViewScreen.swift */,
			);
			path = Screen;
			sourceTree = "<group>";
		};
		460B7ABD2AC848EC0059EA44 /* DeepWork */ = {
			isa = PBXGroup;
			children = (
				460B7ABE2AC848F60059EA44 /* ViewController */,
				460B7ABF2AC848FF0059EA44 /* Screen */,
				460B7AC42AC851A20059EA44 /* ViewModel */,
			);
			path = DeepWork;
			sourceTree = "<group>";
		};
		460B7ABE2AC848F60059EA44 /* ViewController */ = {
			isa = PBXGroup;
			children = (
				460B7AC02AC849200059EA44 /* DeepWorkVC.swift */,
			);
			path = ViewController;
			sourceTree = "<group>";
		};
		460B7ABF2AC848FF0059EA44 /* Screen */ = {
			isa = PBXGroup;
			children = (
				460B7AC22AC8492E0059EA44 /* DeepWorkScreen.swift */,
			);
			path = Screen;
			sourceTree = "<group>";
		};
		460B7AC42AC851A20059EA44 /* ViewModel */ = {
			isa = PBXGroup;
			children = (
				460B7AC52AC851C00059EA44 /* DeepWorkViewModel.swift */,
			);
			path = ViewModel;
			sourceTree = "<group>";
		};
		460B7ACD2AC85B1C0059EA44 /* DeepWorkCell */ = {
			isa = PBXGroup;
			children = (
				460B7ACE2AC85B280059EA44 /* TableViewCell */,
				460B7ACF2AC85B350059EA44 /* Screen */,
			);
			path = DeepWorkCell;
			sourceTree = "<group>";
		};
		460B7ACE2AC85B280059EA44 /* TableViewCell */ = {
			isa = PBXGroup;
			children = (
				460B7AD02AC85B4B0059EA44 /* DeepWorkTableViewCell.swift */,
			);
			path = TableViewCell;
			sourceTree = "<group>";
		};
		460B7ACF2AC85B350059EA44 /* Screen */ = {
			isa = PBXGroup;
			children = (
				460B7AD22AC85B620059EA44 /* DeepWorkTableViewCellScreen.swift */,
			);
			path = Screen;
			sourceTree = "<group>";
		};
		460B7AD42AC873C00059EA44 /* Environment */ = {
			isa = PBXGroup;
			children = (
				460B7AD52AC873C80059EA44 /* ViewController */,
				460B7AD62AC873CD0059EA44 /* Screen */,
				460B7AD72AC873D50059EA44 /* ViewModel */,
			);
			path = Environment;
			sourceTree = "<group>";
		};
		460B7AD52AC873C80059EA44 /* ViewController */ = {
			isa = PBXGroup;
			children = (
				460B7AE02AC8787F0059EA44 /* EnvironmentVC.swift */,
			);
			path = ViewController;
			sourceTree = "<group>";
		};
		460B7AD62AC873CD0059EA44 /* Screen */ = {
			isa = PBXGroup;
			children = (
				460B7AE22AC878990059EA44 /* EnvironmentScreen.swift */,
			);
			path = Screen;
			sourceTree = "<group>";
		};
		460B7AD72AC873D50059EA44 /* ViewModel */ = {
			isa = PBXGroup;
			children = (
				460B7AE42AC878D40059EA44 /* EnvironmentViewModel.swift */,
			);
			path = ViewModel;
			sourceTree = "<group>";
		};
		460B7AE62AC87CDE0059EA44 /* EnvironmentCell */ = {
			isa = PBXGroup;
			children = (
				460B7AE72AC87CE60059EA44 /* TableViewCell */,
				460B7AE82AC87CEE0059EA44 /* Screen */,
			);
			path = EnvironmentCell;
			sourceTree = "<group>";
		};
		460B7AE72AC87CE60059EA44 /* TableViewCell */ = {
			isa = PBXGroup;
			children = (
				460B7AE92AC87D650059EA44 /* EnvironmentTableViewCell.swift */,
			);
			path = TableViewCell;
			sourceTree = "<group>";
		};
		460B7AE82AC87CEE0059EA44 /* Screen */ = {
			isa = PBXGroup;
			children = (
				460B7AEB2AC87D750059EA44 /* EnvironmentTableViewCellScreen.swift */,
			);
			path = Screen;
			sourceTree = "<group>";
		};
		461BEF112ABA74F500C07847 = {
			isa = PBXGroup;
			children = (
				461BEF1C2ABA74F500C07847 /* UpYou */,
				461BEF1B2ABA74F500C07847 /* Products */,
			);
			sourceTree = "<group>";
		};
		461BEF1B2ABA74F500C07847 /* Products */ = {
			isa = PBXGroup;
			children = (
				461BEF1A2ABA74F500C07847 /* UpYou.app */,
			);
			name = Products;
			sourceTree = "<group>";
		};
		461BEF1C2ABA74F500C07847 /* UpYou */ = {
			isa = PBXGroup;
			children = (
				461BEF722ABA783B00C07847 /* Features */,
				461BEF882ABB9A1C00C07847 /* Cells */,
				460583922AC1C4A200446A6F /* Model */,
				4605838E2AC1C3A600446A6F /* Service */,
				461BEF742ABB4DCE00C07847 /* TabBar */,
				461BEF652ABA759A00C07847 /* Utils */,
				461BEF852ABB913100C07847 /* Json */,
				461BEF622ABA758F00C07847 /* Alert */,
				461BEF692ABA763A00C07847 /* GoogleService-Info.plist */,
				461BEF1D2ABA74F500C07847 /* AppDelegate.swift */,
				461BEF1F2ABA74F500C07847 /* SceneDelegate.swift */,
				461BEF262ABA74F700C07847 /* Assets.xcassets */,
				461BEF282ABA74F700C07847 /* LaunchScreen.storyboard */,
				461BEF2B2ABA74F700C07847 /* Info.plist */,
			);
			path = UpYou;
			sourceTree = "<group>";
		};
		461BEF312ABA756000C07847 /* Onboarding */ = {
			isa = PBXGroup;
			children = (
				461BEF322ABA756000C07847 /* FirstInformation */,
				461BEF372ABA756000C07847 /* SecondInformation */,
				461BEF412ABA756000C07847 /* ThirdInformation */,
			);
			path = Onboarding;
			sourceTree = "<group>";
		};
		461BEF322ABA756000C07847 /* FirstInformation */ = {
			isa = PBXGroup;
			children = (
				461BEF332ABA756000C07847 /* Screen */,
				461BEF352ABA756000C07847 /* ViewController */,
			);
			path = FirstInformation;
			sourceTree = "<group>";
		};
		461BEF332ABA756000C07847 /* Screen */ = {
			isa = PBXGroup;
			children = (
				461BEF342ABA756000C07847 /* FirstInfoScreen.swift */,
			);
			path = Screen;
			sourceTree = "<group>";
		};
		461BEF352ABA756000C07847 /* ViewController */ = {
			isa = PBXGroup;
			children = (
				461BEF362ABA756000C07847 /* FirstInfoViewController.swift */,
			);
			path = ViewController;
			sourceTree = "<group>";
		};
		461BEF372ABA756000C07847 /* SecondInformation */ = {
			isa = PBXGroup;
			children = (
				461BEF382ABA756000C07847 /* Screen */,
				461BEF3A2ABA756000C07847 /* ViewController */,
			);
			path = SecondInformation;
			sourceTree = "<group>";
		};
		461BEF382ABA756000C07847 /* Screen */ = {
			isa = PBXGroup;
			children = (
				461BEF392ABA756000C07847 /* SecondInfoScreen.swift */,
			);
			path = Screen;
			sourceTree = "<group>";
		};
		461BEF3A2ABA756000C07847 /* ViewController */ = {
			isa = PBXGroup;
			children = (
				461BEF3B2ABA756000C07847 /* SecondInfoViewController.swift */,
			);
			path = ViewController;
			sourceTree = "<group>";
		};
		461BEF412ABA756000C07847 /* ThirdInformation */ = {
			isa = PBXGroup;
			children = (
				461BEF422ABA756000C07847 /* Screen */,
				461BEF442ABA756000C07847 /* ViewController */,
			);
			path = ThirdInformation;
			sourceTree = "<group>";
		};
		461BEF422ABA756000C07847 /* Screen */ = {
			isa = PBXGroup;
			children = (
				461BEF432ABA756000C07847 /* ThirdInfoScreen.swift */,
			);
			path = Screen;
			sourceTree = "<group>";
		};
		461BEF442ABA756000C07847 /* ViewController */ = {
			isa = PBXGroup;
			children = (
				461BEF452ABA756000C07847 /* ThirdInfoViewController.swift */,
			);
			path = ViewController;
			sourceTree = "<group>";
		};
		461BEF4E2ABA758100C07847 /* Login */ = {
			isa = PBXGroup;
			children = (
				461BEF532ABA758100C07847 /* ViewController */,
				461BEF512ABA758100C07847 /* Screen */,
				461BEF4F2ABA758100C07847 /* ViewModel */,
			);
			path = Login;
			sourceTree = "<group>";
		};
		461BEF4F2ABA758100C07847 /* ViewModel */ = {
			isa = PBXGroup;
			children = (
				461BEF502ABA758100C07847 /* LoginViewModel.swift */,
			);
			path = ViewModel;
			sourceTree = "<group>";
		};
		461BEF512ABA758100C07847 /* Screen */ = {
			isa = PBXGroup;
			children = (
				461BEF522ABA758100C07847 /* LoginScreen.swift */,
			);
			path = Screen;
			sourceTree = "<group>";
		};
		461BEF532ABA758100C07847 /* ViewController */ = {
			isa = PBXGroup;
			children = (
				461BEF542ABA758100C07847 /* LoginVC.swift */,
			);
			path = ViewController;
			sourceTree = "<group>";
		};
		461BEF582ABA758900C07847 /* Register */ = {
			isa = PBXGroup;
			children = (
				461BEF5D2ABA758900C07847 /* ViewController */,
				461BEF5B2ABA758900C07847 /* Screen */,
				461BEF592ABA758900C07847 /* ViewModel */,
			);
			path = Register;
			sourceTree = "<group>";
		};
		461BEF592ABA758900C07847 /* ViewModel */ = {
			isa = PBXGroup;
			children = (
				461BEF5A2ABA758900C07847 /* RegisterViewModel.swift */,
			);
			path = ViewModel;
			sourceTree = "<group>";
		};
		461BEF5B2ABA758900C07847 /* Screen */ = {
			isa = PBXGroup;
			children = (
				461BEF5C2ABA758900C07847 /* RegisterScreen.swift */,
			);
			path = Screen;
			sourceTree = "<group>";
		};
		461BEF5D2ABA758900C07847 /* ViewController */ = {
			isa = PBXGroup;
			children = (
				461BEF5E2ABA758900C07847 /* RegisterVC.swift */,
			);
			path = ViewController;
			sourceTree = "<group>";
		};
		461BEF622ABA758F00C07847 /* Alert */ = {
			isa = PBXGroup;
			children = (
				461BEF632ABA758F00C07847 /* AlertController.swift */,
			);
			path = Alert;
			sourceTree = "<group>";
		};
		461BEF652ABA759A00C07847 /* Utils */ = {
			isa = PBXGroup;
			children = (
				461BEF672ABA759A00C07847 /* String+Extension.swift */,
			);
			path = Utils;
			sourceTree = "<group>";
		};
		461BEF722ABA783B00C07847 /* Features */ = {
			isa = PBXGroup;
			children = (
				461BEF312ABA756000C07847 /* Onboarding */,
				461BEF4E2ABA758100C07847 /* Login */,
				461BEF582ABA758900C07847 /* Register */,
				461BEF732ABB4DBF00C07847 /* Home */,
				461BEF9D2ABDD23B00C07847 /* Personal Development Section */,
				461BEF952ABC743C00C07847 /* Finance Section */,
			);
			path = Features;
			sourceTree = "<group>";
		};
		461BEF732ABB4DBF00C07847 /* Home */ = {
			isa = PBXGroup;
			children = (
				461BEF792ABB674400C07847 /* ViewController */,
				461BEF782ABB674300C07847 /* Screen */,
				461BEF772ABB674000C07847 /* ViewModel */,
			);
			path = Home;
			sourceTree = "<group>";
		};
		461BEF742ABB4DCE00C07847 /* TabBar */ = {
			isa = PBXGroup;
			children = (
				461BEF832ABB7D7000C07847 /* TabBarVC.swift */,
			);
			path = TabBar;
			sourceTree = "<group>";
		};
		461BEF772ABB674000C07847 /* ViewModel */ = {
			isa = PBXGroup;
			children = (
				461BEF7E2ABB679400C07847 /* HomeViewModel.swift */,
			);
			path = ViewModel;
			sourceTree = "<group>";
		};
		461BEF782ABB674300C07847 /* Screen */ = {
			isa = PBXGroup;
			children = (
				461BEF7C2ABB678900C07847 /* HomeScreen.swift */,
			);
			path = Screen;
			sourceTree = "<group>";
		};
		461BEF792ABB674400C07847 /* ViewController */ = {
			isa = PBXGroup;
			children = (
				461BEF7A2ABB677500C07847 /* HomeVC.swift */,
			);
			path = ViewController;
			sourceTree = "<group>";
		};
		461BEF852ABB913100C07847 /* Json */ = {
			isa = PBXGroup;
			children = (
				461BEF862ABB914900C07847 /* Quote.json */,
				460583BE2AC48E0400446A6F /* MoneyPhrases.json */,
				467D1D882AC5B90B009E0B04 /* Books.json */,
				460B7AC72AC852200059EA44 /* DeepWork.json */,
				460B7AD82AC8746E0059EA44 /* Environment.json */,
				46DA2CE32ACC3C3D00DEA703 /* Habits.json */,
				460536962ACEEE62003FC929 /* Stoicism.json */,
				460536BA2AD04E21003FC929 /* Sleep.json */,
				46EEDCBB2AD42AF4005A7164 /* goldenRules.json */,
				46EEDCE12AD58DB4005A7164 /* CDB.json */,
			);
			path = Json;
			sourceTree = "<group>";
		};
		461BEF882ABB9A1C00C07847 /* Cells */ = {
			isa = PBXGroup;
			children = (
				461C714C2AD1B77000E18558 /* Finance Section */,
				461C714B2AD1B75900E18558 /* Personal Development Section */,
			);
			path = Cells;
			sourceTree = "<group>";
		};
		461BEF952ABC743C00C07847 /* Finance Section */ = {
			isa = PBXGroup;
			children = (
				461BEF982ABC770D00C07847 /* Onboarding */,
				4605839C2AC45FAC00446A6F /* SavingMoney */,
				46EEDCBD2AD43174005A7164 /* Sections */,
			);
			path = "Finance Section";
			sourceTree = "<group>";
		};
		461BEF962ABC746700C07847 /* ViewController */ = {
			isa = PBXGroup;
			children = (
				461BEF992ABC772800C07847 /* OnboardingSavesVC.swift */,
			);
			path = ViewController;
			sourceTree = "<group>";
		};
		461BEF972ABC747D00C07847 /* Screen */ = {
			isa = PBXGroup;
			children = (
				461BEF9B2ABC773E00C07847 /* OnboardingSavesScreen.swift */,
			);
			path = Screen;
			sourceTree = "<group>";
		};
		461BEF982ABC770D00C07847 /* Onboarding */ = {
			isa = PBXGroup;
			children = (
				461BEF962ABC746700C07847 /* ViewController */,
				461BEF972ABC747D00C07847 /* Screen */,
			);
			path = Onboarding;
			sourceTree = "<group>";
		};
		461BEF9D2ABDD23B00C07847 /* Personal Development Section */ = {
			isa = PBXGroup;
			children = (
				460583A32AC4610900446A6F /* Onboarding */,
				461BEFA52ABF104A00C07847 /* PersonalDevelopment */,
				467D1D802AC5B5F3009E0B04 /* Sections */,
			);
			path = "Personal Development Section";
			sourceTree = "<group>";
		};
		461BEFA32ABDD2D000C07847 /* ViewController */ = {
			isa = PBXGroup;
			children = (
				461BEF9F2ABDD2B500C07847 /* SelfDevelopmentViewController.swift */,
			);
			path = ViewController;
			sourceTree = "<group>";
		};
		461BEFA42ABDD2DB00C07847 /* Screen */ = {
			isa = PBXGroup;
			children = (
				461BEFA12ABDD2C900C07847 /* SelfDevelopmentScreen.swift */,
			);
			path = Screen;
			sourceTree = "<group>";
		};
		461BEFA52ABF104A00C07847 /* PersonalDevelopment */ = {
			isa = PBXGroup;
			children = (
				461BEFA82ABF11F600C07847 /* ViewController */,
				461BEFA92ABF11FF00C07847 /* Screen */,
				460583992AC1C7CB00446A6F /* ViewModel */,
			);
			path = PersonalDevelopment;
			sourceTree = "<group>";
		};
		461BEFA82ABF11F600C07847 /* ViewController */ = {
			isa = PBXGroup;
			children = (
				461BEFA62ABF107B00C07847 /* PersonalDevelopmentVC.swift */,
			);
			path = ViewController;
			sourceTree = "<group>";
		};
		461BEFA92ABF11FF00C07847 /* Screen */ = {
			isa = PBXGroup;
			children = (
				461BEFAA2ABF121900C07847 /* PersonalDevelopmentScreen.swift */,
			);
			path = Screen;
			sourceTree = "<group>";
		};
		461C71422AD1B02700E18558 /* SleepCell */ = {
			isa = PBXGroup;
			children = (
				461C71432AD1B03D00E18558 /* TableViewCell */,
				461C71442AD1B04200E18558 /* Screen */,
			);
			path = SleepCell;
			sourceTree = "<group>";
		};
		461C71432AD1B03D00E18558 /* TableViewCell */ = {
			isa = PBXGroup;
			children = (
				461C71472AD1B07700E18558 /* SleepTableViewCell.swift */,
			);
			path = TableViewCell;
			sourceTree = "<group>";
		};
		461C71442AD1B04200E18558 /* Screen */ = {
			isa = PBXGroup;
			children = (
				461C71492AD1B08400E18558 /* SleepTableViewCellScreen.swift */,
			);
			path = Screen;
			sourceTree = "<group>";
		};
		461C714B2AD1B75900E18558 /* Personal Development Section */ = {
			isa = PBXGroup;
			children = (
				460583872AC1C0BF00446A6F /* PersonalDevelopmentCell */,
				467D1D932AC70068009E0B04 /* BooksCell */,
				460B7ACD2AC85B1C0059EA44 /* DeepWorkCell */,
				460B7AE62AC87CDE0059EA44 /* EnvironmentCell */,
				46DA2CE92ACC468E00DEA703 /* HabitsCell */,
				460536A72ACEF8F6003FC929 /* StoicismCell */,
				461C71422AD1B02700E18558 /* SleepCell */,
			);
			path = "Personal Development Section";
			sourceTree = "<group>";
		};
		461C714C2AD1B77000E18558 /* Finance Section */ = {
			isa = PBXGroup;
			children = (
				460583B12AC47DBE00446A6F /* SavingMoneyCell */,
				46EEDCCC2AD43690005A7164 /* GoldenRulesCell */,
				46EEDCEB2AD6C748005A7164 /* CDBCell */,
			);
			path = "Finance Section";
			sourceTree = "<group>";
		};
		461C714D2AD1B79500E18558 /* Personal Development Section */ = {
			isa = PBXGroup;
			children = (
				467D1D8A2AC6F571009E0B04 /* BooksService.swift */,
				460583902AC1C3E300446A6F /* QuotesService.swift */,
				460B7ACB2AC857770059EA44 /* DeepWorkService.swift */,
				460B7ADE2AC877760059EA44 /* EnvironmentService.swift */,
				46DA2CE72ACC429100DEA703 /* HabitsService.swift */,
				460536AE2AD0421E003FC929 /* StoicismService.swift */,
				461C71402AD1AE0D00E18558 /* SleepService.swift */,
			);
			path = "Personal Development Section";
			sourceTree = "<group>";
		};
		461C714E2AD1B7A300E18558 /* Finance Section */ = {
			isa = PBXGroup;
			children = (
				460583AC2AC4784800446A6F /* MoneyPhrasesService.swift */,
				46EEDCC82AD435F9005A7164 /* GoldenRulesService.swift */,
				46EEDCF22AD6CD52005A7164 /* CDBService.swift */,
			);
			path = "Finance Section";
			sourceTree = "<group>";
		};
		461C714F2AD1B7CD00E18558 /* Finance Section */ = {
			isa = PBXGroup;
			children = (
				460583C02AC48EA000446A6F /* MoneyPhrasesData.swift */,
				46EEDCCA2AD43655005A7164 /* GoldenRulesData.swift */,
				46EEDCE32AD59654005A7164 /* CdbData.swift */,
			);
			path = "Finance Section";
			sourceTree = "<group>";
		};
		461C71502AD1B7DE00E18558 /* Personal Development Section */ = {
			isa = PBXGroup;
			children = (
				460583952AC1C4ED00446A6F /* QuoteData.swift */,
				467D1D8D2AC6F687009E0B04 /* BooksData.swift */,
				460B7AC92AC857400059EA44 /* DeepWorkData.swift */,
				460B7ADC2AC877490059EA44 /* EnvironmentData.swift */,
				46DA2CE52ACC426300DEA703 /* HabitsData.swift */,
				4605369B2ACEF65A003FC929 /* StoicismData.swift */,
				461C713E2AD1ADAB00E18558 /* SleepData.swift */,
			);
			path = "Personal Development Section";
			sourceTree = "<group>";
		};
		467D1D7F2AC5B5E1009E0B04 /* Books */ = {
			isa = PBXGroup;
			children = (
				467D1D812AC5B607009E0B04 /* ViewController */,
				467D1D822AC5B610009E0B04 /* Screen */,
				467D1D832AC5B617009E0B04 /* ViewModel */,
			);
			path = Books;
			sourceTree = "<group>";
		};
		467D1D802AC5B5F3009E0B04 /* Sections */ = {
			isa = PBXGroup;
			children = (
				460B7AD42AC873C00059EA44 /* Environment */,
				4605369D2ACEF67C003FC929 /* Stoicism */,
				46DA2CD42ACC395800DEA703 /* Habits */,
				467D1D7F2AC5B5E1009E0B04 /* Books */,
				460536B02AD04A95003FC929 /* Sleep */,
				460B7ABD2AC848EC0059EA44 /* DeepWork */,
			);
			path = Sections;
			sourceTree = "<group>";
		};
		467D1D812AC5B607009E0B04 /* ViewController */ = {
			isa = PBXGroup;
			children = (
				467D1D842AC5B638009E0B04 /* BooksVC.swift */,
			);
			path = ViewController;
			sourceTree = "<group>";
		};
		467D1D822AC5B610009E0B04 /* Screen */ = {
			isa = PBXGroup;
			children = (
				467D1D862AC5B683009E0B04 /* BooksScreen.swift */,
			);
			path = Screen;
			sourceTree = "<group>";
		};
		467D1D832AC5B617009E0B04 /* ViewModel */ = {
			isa = PBXGroup;
			children = (
				467D1D912AC6F86A009E0B04 /* BooksViewModel.swift */,
			);
			path = ViewModel;
			sourceTree = "<group>";
		};
		467D1D932AC70068009E0B04 /* BooksCell */ = {
			isa = PBXGroup;
			children = (
				467D1D942AC70073009E0B04 /* TableViewCell */,
				467D1D952AC70093009E0B04 /* Screen */,
			);
			path = BooksCell;
			sourceTree = "<group>";
		};
		467D1D942AC70073009E0B04 /* TableViewCell */ = {
			isa = PBXGroup;
			children = (
				467D1D962AC700AD009E0B04 /* BooksTableViewCell.swift */,
			);
			path = TableViewCell;
			sourceTree = "<group>";
		};
		467D1D952AC70093009E0B04 /* Screen */ = {
			isa = PBXGroup;
			children = (
				467D1D982AC700BE009E0B04 /* BooksTableViewCellScreen.swift */,
			);
			path = Screen;
			sourceTree = "<group>";
		};
		46DA2CD42ACC395800DEA703 /* Habits */ = {
			isa = PBXGroup;
			children = (
				46DA2CD52ACC397400DEA703 /* ViewController */,
				46DA2CD62ACC397C00DEA703 /* Screen */,
				46DA2CD72ACC398300DEA703 /* ViewModel */,
			);
			path = Habits;
			sourceTree = "<group>";
		};
		46DA2CD52ACC397400DEA703 /* ViewController */ = {
			isa = PBXGroup;
			children = (
				46DA2CD82ACC399C00DEA703 /* HabitsVC.swift */,
			);
			path = ViewController;
			sourceTree = "<group>";
		};
		46DA2CD62ACC397C00DEA703 /* Screen */ = {
			isa = PBXGroup;
			children = (
				46DA2CDA2ACC39AE00DEA703 /* HabitsScreen.swift */,
			);
			path = Screen;
			sourceTree = "<group>";
		};
		46DA2CD72ACC398300DEA703 /* ViewModel */ = {
			isa = PBXGroup;
			children = (
				46DA2CDD2ACC39C900DEA703 /* HabitsViewModel.swift */,
			);
			path = ViewModel;
			sourceTree = "<group>";
		};
		46DA2CE92ACC468E00DEA703 /* HabitsCell */ = {
			isa = PBXGroup;
			children = (
				46DA2CEA2ACC46B700DEA703 /* TableViewCell */,
				46DA2CEB2ACC46C100DEA703 /* Screen */,
			);
			path = HabitsCell;
			sourceTree = "<group>";
		};
		46DA2CEA2ACC46B700DEA703 /* TableViewCell */ = {
			isa = PBXGroup;
			children = (
				46DA2CEC2ACC46D200DEA703 /* HabitsTableViewCell.swift */,
			);
			path = TableViewCell;
			sourceTree = "<group>";
		};
		46DA2CEB2ACC46C100DEA703 /* Screen */ = {
			isa = PBXGroup;
			children = (
				46DA2CEE2ACC472000DEA703 /* HabitsTableViewCellScreen.swift */,
			);
			path = Screen;
			sourceTree = "<group>";
		};
		46EEDCBD2AD43174005A7164 /* Sections */ = {
			isa = PBXGroup;
			children = (
				46EEDCBE2AD43184005A7164 /* GoldenRules */,
				46EEDCD32AD57780005A7164 /* RendaFixa */,
			);
			path = Sections;
			sourceTree = "<group>";
		};
		46EEDCBE2AD43184005A7164 /* GoldenRules */ = {
			isa = PBXGroup;
			children = (
				46EEDCBF2AD4319E005A7164 /* ViewController */,
				46EEDCC02AD431A4005A7164 /* Screen */,
				46EEDCC12AD431AA005A7164 /* ViewModel */,
			);
			path = GoldenRules;
			sourceTree = "<group>";
		};
		46EEDCBF2AD4319E005A7164 /* ViewController */ = {
			isa = PBXGroup;
			children = (
				46EEDCC22AD431CF005A7164 /* GoldenRulesVC.swift */,
			);
			path = ViewController;
			sourceTree = "<group>";
		};
		46EEDCC02AD431A4005A7164 /* Screen */ = {
			isa = PBXGroup;
			children = (
				46EEDCC42AD431E6005A7164 /* GoldenRulesScreen.swift */,
			);
			path = Screen;
			sourceTree = "<group>";
		};
		46EEDCC12AD431AA005A7164 /* ViewModel */ = {
			isa = PBXGroup;
			children = (
				46EEDCC62AD431F4005A7164 /* GoldenRulesViewModel.swift */,
			);
			path = ViewModel;
			sourceTree = "<group>";
		};
		46EEDCCC2AD43690005A7164 /* GoldenRulesCell */ = {
			isa = PBXGroup;
			children = (
				46EEDCCD2AD43699005A7164 /* TableViewCell */,
				46EEDCCE2AD4369F005A7164 /* Screen */,
			);
			path = GoldenRulesCell;
			sourceTree = "<group>";
		};
		46EEDCCD2AD43699005A7164 /* TableViewCell */ = {
			isa = PBXGroup;
			children = (
				46EEDCCF2AD436BF005A7164 /* GoldenRulesTableViewCell.swift */,
			);
			path = TableViewCell;
			sourceTree = "<group>";
		};
		46EEDCCE2AD4369F005A7164 /* Screen */ = {
			isa = PBXGroup;
			children = (
				46EEDCD12AD436CD005A7164 /* GoldenRulesTableViewCellScreen.swift */,
			);
			path = Screen;
			sourceTree = "<group>";
		};
		46EEDCD32AD57780005A7164 /* RendaFixa */ = {
			isa = PBXGroup;
			children = (
				46EEDCD42AD5778F005A7164 /* ViewController */,
				46EEDCD52AD57797005A7164 /* Screen */,
				46EEDCD72AD577C7005A7164 /* Sections */,
			);
			path = RendaFixa;
			sourceTree = "<group>";
		};
		46EEDCD42AD5778F005A7164 /* ViewController */ = {
			isa = PBXGroup;
			children = (
				46EEDCD92AD57804005A7164 /* FixedIncomeVC.swift */,
			);
			path = ViewController;
			sourceTree = "<group>";
		};
		46EEDCD52AD57797005A7164 /* Screen */ = {
			isa = PBXGroup;
			children = (
				46EEDCDB2AD57812005A7164 /* FixedIncomeScreen.swift */,
			);
			path = Screen;
			sourceTree = "<group>";
		};
		46EEDCD72AD577C7005A7164 /* Sections */ = {
			isa = PBXGroup;
			children = (
				46EEDCDD2AD58D2A005A7164 /* CDB */,
			);
			path = Sections;
			sourceTree = "<group>";
		};
		46EEDCDD2AD58D2A005A7164 /* CDB */ = {
			isa = PBXGroup;
			children = (
				46EEDCDE2AD58D32005A7164 /* ViewController */,
				46EEDCDF2AD58D37005A7164 /* Screen */,
				46EEDCE02AD58D3D005A7164 /* ViewModel */,
			);
			path = CDB;
			sourceTree = "<group>";
		};
		46EEDCDE2AD58D32005A7164 /* ViewController */ = {
			isa = PBXGroup;
			children = (
				46EEDCE52AD5B0CD005A7164 /* CdbVC.swift */,
			);
			path = ViewController;
			sourceTree = "<group>";
		};
		46EEDCDF2AD58D37005A7164 /* Screen */ = {
			isa = PBXGroup;
			children = (
				46EEDCE72AD5B0DA005A7164 /* CdbScreen.swift */,
			);
			path = Screen;
			sourceTree = "<group>";
		};
		46EEDCE02AD58D3D005A7164 /* ViewModel */ = {
			isa = PBXGroup;
			children = (
				46EEDCE92AD5B0EC005A7164 /* CdbViewModel.swift */,
			);
			path = ViewModel;
			sourceTree = "<group>";
		};
		46EEDCEB2AD6C748005A7164 /* CDBCell */ = {
			isa = PBXGroup;
			children = (
				46EEDCEC2AD6C75D005A7164 /* TableViewCell */,
				46EEDCED2AD6C76D005A7164 /* Screen */,
			);
			path = CDBCell;
			sourceTree = "<group>";
		};
		46EEDCEC2AD6C75D005A7164 /* TableViewCell */ = {
			isa = PBXGroup;
			children = (
				46EEDCEE2AD6C799005A7164 /* CDBTableViewCell.swift */,
			);
			path = TableViewCell;
			sourceTree = "<group>";
		};
		46EEDCED2AD6C76D005A7164 /* Screen */ = {
			isa = PBXGroup;
			children = (
				46EEDCF02AD6C7AB005A7164 /* CDBTableViewCellScreen.swift */,
			);
			path = Screen;
			sourceTree = "<group>";
		};
/* End PBXGroup section */

/* Begin PBXNativeTarget section */
		461BEF192ABA74F500C07847 /* UpYou */ = {
			isa = PBXNativeTarget;
			buildConfigurationList = 461BEF2E2ABA74F700C07847 /* Build configuration list for PBXNativeTarget "UpYou" */;
			buildPhases = (
				461BEF162ABA74F500C07847 /* Sources */,
				461BEF172ABA74F500C07847 /* Frameworks */,
				461BEF182ABA74F500C07847 /* Resources */,
			);
			buildRules = (
			);
			dependencies = (
			);
			name = UpYou;
			packageProductDependencies = (
				461BEF6C2ABA767A00C07847 /* FirebaseAnalytics */,
				461BEF6E2ABA767A00C07847 /* FirebaseAuth */,
				461BEF702ABA767A00C07847 /* FirebaseCrashlytics */,
			);
			productName = UpYou;
			productReference = 461BEF1A2ABA74F500C07847 /* UpYou.app */;
			productType = "com.apple.product-type.application";
		};
/* End PBXNativeTarget section */

/* Begin PBXProject section */
		461BEF122ABA74F500C07847 /* Project object */ = {
			isa = PBXProject;
			attributes = {
				BuildIndependentTargetsInParallel = 1;
				LastSwiftUpdateCheck = 1430;
				LastUpgradeCheck = 1430;
				TargetAttributes = {
					461BEF192ABA74F500C07847 = {
						CreatedOnToolsVersion = 14.3;
					};
				};
			};
			buildConfigurationList = 461BEF152ABA74F500C07847 /* Build configuration list for PBXProject "UpYou" */;
			compatibilityVersion = "Xcode 14.0";
			developmentRegion = en;
			hasScannedForEncodings = 0;
			knownRegions = (
				en,
				Base,
			);
			mainGroup = 461BEF112ABA74F500C07847;
			packageReferences = (
				461BEF6B2ABA767A00C07847 /* XCRemoteSwiftPackageReference "firebase-ios-sdk" */,
			);
			productRefGroup = 461BEF1B2ABA74F500C07847 /* Products */;
			projectDirPath = "";
			projectRoot = "";
			targets = (
				461BEF192ABA74F500C07847 /* UpYou */,
			);
		};
/* End PBXProject section */

/* Begin PBXResourcesBuildPhase section */
		461BEF182ABA74F500C07847 /* Resources */ = {
			isa = PBXResourcesBuildPhase;
			buildActionMask = 2147483647;
			files = (
				46DA2CE42ACC3C3D00DEA703 /* Habits.json in Resources */,
				467D1D892AC5B90B009E0B04 /* Books.json in Resources */,
				461BEF6A2ABA763A00C07847 /* GoogleService-Info.plist in Resources */,
				461BEF2A2ABA74F700C07847 /* LaunchScreen.storyboard in Resources */,
				46EEDCBC2AD42AF4005A7164 /* goldenRules.json in Resources */,
				460536972ACEEE62003FC929 /* Stoicism.json in Resources */,
				461BEF872ABB914900C07847 /* Quote.json in Resources */,
				46EEDCE22AD58DB4005A7164 /* CDB.json in Resources */,
				460536BB2AD04E21003FC929 /* Sleep.json in Resources */,
				461BEF272ABA74F700C07847 /* Assets.xcassets in Resources */,
				460B7AD92AC8746E0059EA44 /* Environment.json in Resources */,
				460583BF2AC48E0400446A6F /* MoneyPhrases.json in Resources */,
				460B7AC82AC852200059EA44 /* DeepWork.json in Resources */,
			);
			runOnlyForDeploymentPostprocessing = 0;
		};
/* End PBXResourcesBuildPhase section */

/* Begin PBXSourcesBuildPhase section */
		461BEF162ABA74F500C07847 /* Sources */ = {
			isa = PBXSourcesBuildPhase;
			buildActionMask = 2147483647;
			files = (
				461BEF602ABA758900C07847 /* RegisterScreen.swift in Sources */,
				46DA2CD92ACC399C00DEA703 /* HabitsVC.swift in Sources */,
				46EEDCF12AD6C7AB005A7164 /* CDBTableViewCellScreen.swift in Sources */,
				461C713F2AD1ADAB00E18558 /* SleepData.swift in Sources */,
				460583B52AC47EB300446A6F /* SavingMoneyTableViewCell.swift in Sources */,
				46EEDCCB2AD43655005A7164 /* GoldenRulesData.swift in Sources */,
				461BEF7F2ABB679400C07847 /* HomeViewModel.swift in Sources */,
				461BEF9C2ABC773E00C07847 /* OnboardingSavesScreen.swift in Sources */,
				46EEDCE42AD59654005A7164 /* CdbData.swift in Sources */,
				460583B72AC47ED000446A6F /* SavingMoneyTableViewScreen.swift in Sources */,
				461BEF7B2ABB677500C07847 /* HomeVC.swift in Sources */,
				461BEF7D2ABB678900C07847 /* HomeScreen.swift in Sources */,
				460583A02AC4602200446A6F /* SavingMoneyVC.swift in Sources */,
				460536AB2ACEF938003FC929 /* StoicismTableViewCell.swift in Sources */,
				461BEF482ABA756000C07847 /* SecondInfoScreen.swift in Sources */,
				460B7AC62AC851C00059EA44 /* DeepWorkViewModel.swift in Sources */,
				460536B52AD04B05003FC929 /* SleepVC.swift in Sources */,
				4605369C2ACEF65A003FC929 /* StoicismData.swift in Sources */,
				460583B02AC47A5700446A6F /* SavingMoneyViewModel.swift in Sources */,
				467D1D992AC700BE009E0B04 /* BooksTableViewCellScreen.swift in Sources */,
				46EEDCDA2AD57804005A7164 /* FixedIncomeVC.swift in Sources */,
				461BEF1E2ABA74F500C07847 /* AppDelegate.swift in Sources */,
				461BEF552ABA758100C07847 /* LoginViewModel.swift in Sources */,
				460B7AE12AC8787F0059EA44 /* EnvironmentVC.swift in Sources */,
				461BEF4D2ABA756000C07847 /* ThirdInfoViewController.swift in Sources */,
				46EEDCEA2AD5B0EC005A7164 /* CdbViewModel.swift in Sources */,
				461C714A2AD1B08400E18558 /* SleepTableViewCellScreen.swift in Sources */,
				46EEDCC32AD431CF005A7164 /* GoldenRulesVC.swift in Sources */,
				46DA2CDE2ACC39C900DEA703 /* HabitsViewModel.swift in Sources */,
				467D1D8B2AC6F571009E0B04 /* BooksService.swift in Sources */,
				46DA2CED2ACC46D200DEA703 /* HabitsTableViewCell.swift in Sources */,
				460536AD2ACEF94F003FC929 /* StoicismTableViewCellScreen.swift in Sources */,
				460B7AEC2AC87D750059EA44 /* EnvironmentTableViewCellScreen.swift in Sources */,
				461BEF202ABA74F500C07847 /* SceneDelegate.swift in Sources */,
				46EEDCDC2AD57812005A7164 /* FixedIncomeScreen.swift in Sources */,
				461BEF562ABA758100C07847 /* LoginScreen.swift in Sources */,
				460583AD2AC4784800446A6F /* MoneyPhrasesService.swift in Sources */,
				461BEFAB2ABF121900C07847 /* PersonalDevelopmentScreen.swift in Sources */,
				461BEFA22ABDD2C900C07847 /* SelfDevelopmentScreen.swift in Sources */,
				460B7ACA2AC857400059EA44 /* DeepWorkData.swift in Sources */,
				46DA2CE82ACC429100DEA703 /* HabitsService.swift in Sources */,
				460B7AE32AC878990059EA44 /* EnvironmentScreen.swift in Sources */,
				461BEF9A2ABC772800C07847 /* OnboardingSavesVC.swift in Sources */,
				460B7ADF2AC877760059EA44 /* EnvironmentService.swift in Sources */,
				46EEDCC72AD431F4005A7164 /* GoldenRulesViewModel.swift in Sources */,
				460B7ADD2AC877490059EA44 /* EnvironmentData.swift in Sources */,
				46DA2CEF2ACC472000DEA703 /* HabitsTableViewCellScreen.swift in Sources */,
				461BEF642ABA758F00C07847 /* AlertController.swift in Sources */,
				460583912AC1C3E300446A6F /* QuotesService.swift in Sources */,
				4605839B2AC1C7F900446A6F /* PersonalDevelopmentViewModel.swift in Sources */,
				461BEF682ABA759A00C07847 /* String+Extension.swift in Sources */,
				461BEF612ABA758900C07847 /* RegisterVC.swift in Sources */,
				460B7AD32AC85B620059EA44 /* DeepWorkTableViewCellScreen.swift in Sources */,
				460B7ACC2AC857770059EA44 /* DeepWorkService.swift in Sources */,
				467D1D852AC5B638009E0B04 /* BooksVC.swift in Sources */,
				4605838D2AC1C1EA00446A6F /* PersonalDevelopmentTableViewScreen.swift in Sources */,
				467D1D872AC5B683009E0B04 /* BooksScreen.swift in Sources */,
				460B7AC12AC849200059EA44 /* DeepWorkVC.swift in Sources */,
				460536B92AD04B22003FC929 /* SleepViewModel.swift in Sources */,
				46EEDCC52AD431E6005A7164 /* GoldenRulesScreen.swift in Sources */,
				46EEDCEF2AD6C799005A7164 /* CDBTableViewCell.swift in Sources */,
				460583C12AC48EA000446A6F /* MoneyPhrasesData.swift in Sources */,
				461BEF462ABA756000C07847 /* FirstInfoScreen.swift in Sources */,
				460B7AC32AC8492E0059EA44 /* DeepWorkScreen.swift in Sources */,
				460536A42ACEF6E8003FC929 /* StoicismScreen.swift in Sources */,
				460536A62ACEF6F9003FC929 /* StoicismViewModel.swift in Sources */,
				46EEDCD02AD436BF005A7164 /* GoldenRulesTableViewCell.swift in Sources */,
				461C71412AD1AE0D00E18558 /* SleepService.swift in Sources */,
				460583A22AC4603100446A6F /* SavingMoneyScreen.swift in Sources */,
				46EEDCF32AD6CD52005A7164 /* CDBService.swift in Sources */,
				467D1D922AC6F86B009E0B04 /* BooksViewModel.swift in Sources */,
				460B7AD12AC85B4B0059EA44 /* DeepWorkTableViewCell.swift in Sources */,
				460536B72AD04B14003FC929 /* SleepScreen.swift in Sources */,
				46EEDCC92AD435F9005A7164 /* GoldenRulesService.swift in Sources */,
				46DA2CDB2ACC39AE00DEA703 /* HabitsScreen.swift in Sources */,
				461BEF842ABB7D7000C07847 /* TabBarVC.swift in Sources */,
				461BEFA02ABDD2B500C07847 /* SelfDevelopmentViewController.swift in Sources */,
				461BEF5F2ABA758900C07847 /* RegisterViewModel.swift in Sources */,
				461BEF572ABA758100C07847 /* LoginVC.swift in Sources */,
				467D1D972AC700AD009E0B04 /* BooksTableViewCell.swift in Sources */,
				461C71482AD1B07700E18558 /* SleepTableViewCell.swift in Sources */,
				460B7AEA2AC87D650059EA44 /* EnvironmentTableViewCell.swift in Sources */,
				460583962AC1C4ED00446A6F /* QuoteData.swift in Sources */,
				467D1D8E2AC6F687009E0B04 /* BooksData.swift in Sources */,
				461BEFA72ABF107B00C07847 /* PersonalDevelopmentVC.swift in Sources */,
				460536AF2AD0421E003FC929 /* StoicismService.swift in Sources */,
				461BEF4C2ABA756000C07847 /* ThirdInfoScreen.swift in Sources */,
				46EEDCE82AD5B0DA005A7164 /* CdbScreen.swift in Sources */,
				46EEDCE62AD5B0CD005A7164 /* CdbVC.swift in Sources */,
				46DA2CE62ACC426300DEA703 /* HabitsData.swift in Sources */,
				46EEDCD22AD436CD005A7164 /* GoldenRulesTableViewCellScreen.swift in Sources */,
				461BEF492ABA756000C07847 /* SecondInfoViewController.swift in Sources */,
				461BEF472ABA756000C07847 /* FirstInfoViewController.swift in Sources */,
				4605838B2AC1C0E900446A6F /* PersonalDevelopmentTableViewCell.swift in Sources */,
				460B7AE52AC878D40059EA44 /* EnvironmentViewModel.swift in Sources */,
				460536A22ACEF6D0003FC929 /* StoicismVC.swift in Sources */,
			);
			runOnlyForDeploymentPostprocessing = 0;
		};
/* End PBXSourcesBuildPhase section */

/* Begin PBXVariantGroup section */
		461BEF282ABA74F700C07847 /* LaunchScreen.storyboard */ = {
			isa = PBXVariantGroup;
			children = (
				461BEF292ABA74F700C07847 /* Base */,
			);
			name = LaunchScreen.storyboard;
			sourceTree = "<group>";
		};
/* End PBXVariantGroup section */

/* Begin XCBuildConfiguration section */
		461BEF2C2ABA74F700C07847 /* Debug */ = {
			isa = XCBuildConfiguration;
			buildSettings = {
				ALWAYS_SEARCH_USER_PATHS = NO;
				CLANG_ANALYZER_NONNULL = YES;
				CLANG_ANALYZER_NUMBER_OBJECT_CONVERSION = YES_AGGRESSIVE;
				CLANG_CXX_LANGUAGE_STANDARD = "gnu++20";
				CLANG_ENABLE_MODULES = YES;
				CLANG_ENABLE_OBJC_ARC = YES;
				CLANG_ENABLE_OBJC_WEAK = YES;
				CLANG_WARN_BLOCK_CAPTURE_AUTORELEASING = YES;
				CLANG_WARN_BOOL_CONVERSION = YES;
				CLANG_WARN_COMMA = YES;
				CLANG_WARN_CONSTANT_CONVERSION = YES;
				CLANG_WARN_DEPRECATED_OBJC_IMPLEMENTATIONS = YES;
				CLANG_WARN_DIRECT_OBJC_ISA_USAGE = YES_ERROR;
				CLANG_WARN_DOCUMENTATION_COMMENTS = YES;
				CLANG_WARN_EMPTY_BODY = YES;
				CLANG_WARN_ENUM_CONVERSION = YES;
				CLANG_WARN_INFINITE_RECURSION = YES;
				CLANG_WARN_INT_CONVERSION = YES;
				CLANG_WARN_NON_LITERAL_NULL_CONVERSION = YES;
				CLANG_WARN_OBJC_IMPLICIT_RETAIN_SELF = YES;
				CLANG_WARN_OBJC_LITERAL_CONVERSION = YES;
				CLANG_WARN_OBJC_ROOT_CLASS = YES_ERROR;
				CLANG_WARN_QUOTED_INCLUDE_IN_FRAMEWORK_HEADER = YES;
				CLANG_WARN_RANGE_LOOP_ANALYSIS = YES;
				CLANG_WARN_STRICT_PROTOTYPES = YES;
				CLANG_WARN_SUSPICIOUS_MOVE = YES;
				CLANG_WARN_UNGUARDED_AVAILABILITY = YES_AGGRESSIVE;
				CLANG_WARN_UNREACHABLE_CODE = YES;
				CLANG_WARN__DUPLICATE_METHOD_MATCH = YES;
				COPY_PHASE_STRIP = NO;
				DEBUG_INFORMATION_FORMAT = dwarf;
				ENABLE_STRICT_OBJC_MSGSEND = YES;
				ENABLE_TESTABILITY = YES;
				GCC_C_LANGUAGE_STANDARD = gnu11;
				GCC_DYNAMIC_NO_PIC = NO;
				GCC_NO_COMMON_BLOCKS = YES;
				GCC_OPTIMIZATION_LEVEL = 0;
				GCC_PREPROCESSOR_DEFINITIONS = (
					"DEBUG=1",
					"$(inherited)",
				);
				GCC_WARN_64_TO_32_BIT_CONVERSION = YES;
				GCC_WARN_ABOUT_RETURN_TYPE = YES_ERROR;
				GCC_WARN_UNDECLARED_SELECTOR = YES;
				GCC_WARN_UNINITIALIZED_AUTOS = YES_AGGRESSIVE;
				GCC_WARN_UNUSED_FUNCTION = YES;
				GCC_WARN_UNUSED_VARIABLE = YES;
				IPHONEOS_DEPLOYMENT_TARGET = 16.4;
				MTL_ENABLE_DEBUG_INFO = INCLUDE_SOURCE;
				MTL_FAST_MATH = YES;
				ONLY_ACTIVE_ARCH = YES;
				SDKROOT = iphoneos;
				SWIFT_ACTIVE_COMPILATION_CONDITIONS = DEBUG;
				SWIFT_OPTIMIZATION_LEVEL = "-Onone";
			};
			name = Debug;
		};
		461BEF2D2ABA74F700C07847 /* Release */ = {
			isa = XCBuildConfiguration;
			buildSettings = {
				ALWAYS_SEARCH_USER_PATHS = NO;
				CLANG_ANALYZER_NONNULL = YES;
				CLANG_ANALYZER_NUMBER_OBJECT_CONVERSION = YES_AGGRESSIVE;
				CLANG_CXX_LANGUAGE_STANDARD = "gnu++20";
				CLANG_ENABLE_MODULES = YES;
				CLANG_ENABLE_OBJC_ARC = YES;
				CLANG_ENABLE_OBJC_WEAK = YES;
				CLANG_WARN_BLOCK_CAPTURE_AUTORELEASING = YES;
				CLANG_WARN_BOOL_CONVERSION = YES;
				CLANG_WARN_COMMA = YES;
				CLANG_WARN_CONSTANT_CONVERSION = YES;
				CLANG_WARN_DEPRECATED_OBJC_IMPLEMENTATIONS = YES;
				CLANG_WARN_DIRECT_OBJC_ISA_USAGE = YES_ERROR;
				CLANG_WARN_DOCUMENTATION_COMMENTS = YES;
				CLANG_WARN_EMPTY_BODY = YES;
				CLANG_WARN_ENUM_CONVERSION = YES;
				CLANG_WARN_INFINITE_RECURSION = YES;
				CLANG_WARN_INT_CONVERSION = YES;
				CLANG_WARN_NON_LITERAL_NULL_CONVERSION = YES;
				CLANG_WARN_OBJC_IMPLICIT_RETAIN_SELF = YES;
				CLANG_WARN_OBJC_LITERAL_CONVERSION = YES;
				CLANG_WARN_OBJC_ROOT_CLASS = YES_ERROR;
				CLANG_WARN_QUOTED_INCLUDE_IN_FRAMEWORK_HEADER = YES;
				CLANG_WARN_RANGE_LOOP_ANALYSIS = YES;
				CLANG_WARN_STRICT_PROTOTYPES = YES;
				CLANG_WARN_SUSPICIOUS_MOVE = YES;
				CLANG_WARN_UNGUARDED_AVAILABILITY = YES_AGGRESSIVE;
				CLANG_WARN_UNREACHABLE_CODE = YES;
				CLANG_WARN__DUPLICATE_METHOD_MATCH = YES;
				COPY_PHASE_STRIP = NO;
				DEBUG_INFORMATION_FORMAT = "dwarf-with-dsym";
				ENABLE_NS_ASSERTIONS = NO;
				ENABLE_STRICT_OBJC_MSGSEND = YES;
				GCC_C_LANGUAGE_STANDARD = gnu11;
				GCC_NO_COMMON_BLOCKS = YES;
				GCC_WARN_64_TO_32_BIT_CONVERSION = YES;
				GCC_WARN_ABOUT_RETURN_TYPE = YES_ERROR;
				GCC_WARN_UNDECLARED_SELECTOR = YES;
				GCC_WARN_UNINITIALIZED_AUTOS = YES_AGGRESSIVE;
				GCC_WARN_UNUSED_FUNCTION = YES;
				GCC_WARN_UNUSED_VARIABLE = YES;
				IPHONEOS_DEPLOYMENT_TARGET = 16.4;
				MTL_ENABLE_DEBUG_INFO = NO;
				MTL_FAST_MATH = YES;
				SDKROOT = iphoneos;
				SWIFT_COMPILATION_MODE = wholemodule;
				SWIFT_OPTIMIZATION_LEVEL = "-O";
				VALIDATE_PRODUCT = YES;
			};
			name = Release;
		};
		461BEF2F2ABA74F700C07847 /* Debug */ = {
			isa = XCBuildConfiguration;
			buildSettings = {
				ASSETCATALOG_COMPILER_APPICON_NAME = AppIcon;
				ASSETCATALOG_COMPILER_GLOBAL_ACCENT_COLOR_NAME = AccentColor;
				CODE_SIGN_STYLE = Automatic;
				CURRENT_PROJECT_VERSION = 1;
				DEVELOPMENT_TEAM = 3WX9FH8392;
				GENERATE_INFOPLIST_FILE = YES;
				INFOPLIST_FILE = UpYou/Info.plist;
				INFOPLIST_KEY_UIApplicationSupportsIndirectInputEvents = YES;
				INFOPLIST_KEY_UILaunchStoryboardName = LaunchScreen;
				INFOPLIST_KEY_UIMainStoryboardFile = "";
				INFOPLIST_KEY_UISupportedInterfaceOrientations = UIInterfaceOrientationPortrait;
				INFOPLIST_KEY_UISupportedInterfaceOrientations_iPad = "UIInterfaceOrientationLandscapeLeft UIInterfaceOrientationLandscapeRight UIInterfaceOrientationPortrait UIInterfaceOrientationPortraitUpsideDown";
				LD_RUNPATH_SEARCH_PATHS = (
					"$(inherited)",
					"@executable_path/Frameworks",
				);
				MARKETING_VERSION = 1.0;
				PRODUCT_BUNDLE_IDENTIFIER = com.lucas.UpYou2;
				PRODUCT_NAME = "$(TARGET_NAME)";
				SUPPORTED_PLATFORMS = "iphoneos iphonesimulator";
				SUPPORTS_MACCATALYST = NO;
				SUPPORTS_MAC_DESIGNED_FOR_IPHONE_IPAD = NO;
				SWIFT_EMIT_LOC_STRINGS = YES;
				SWIFT_VERSION = 5.0;
				TARGETED_DEVICE_FAMILY = 1;
			};
			name = Debug;
		};
		461BEF302ABA74F700C07847 /* Release */ = {
			isa = XCBuildConfiguration;
			buildSettings = {
				ASSETCATALOG_COMPILER_APPICON_NAME = AppIcon;
				ASSETCATALOG_COMPILER_GLOBAL_ACCENT_COLOR_NAME = AccentColor;
				CODE_SIGN_STYLE = Automatic;
				CURRENT_PROJECT_VERSION = 1;
				DEVELOPMENT_TEAM = 3WX9FH8392;
				GENERATE_INFOPLIST_FILE = YES;
				INFOPLIST_FILE = UpYou/Info.plist;
				INFOPLIST_KEY_UIApplicationSupportsIndirectInputEvents = YES;
				INFOPLIST_KEY_UILaunchStoryboardName = LaunchScreen;
				INFOPLIST_KEY_UIMainStoryboardFile = "";
				INFOPLIST_KEY_UISupportedInterfaceOrientations = UIInterfaceOrientationPortrait;
				INFOPLIST_KEY_UISupportedInterfaceOrientations_iPad = "UIInterfaceOrientationLandscapeLeft UIInterfaceOrientationLandscapeRight UIInterfaceOrientationPortrait UIInterfaceOrientationPortraitUpsideDown";
				LD_RUNPATH_SEARCH_PATHS = (
					"$(inherited)",
					"@executable_path/Frameworks",
				);
				MARKETING_VERSION = 1.0;
				PRODUCT_BUNDLE_IDENTIFIER = com.lucas.UpYou2;
				PRODUCT_NAME = "$(TARGET_NAME)";
				SUPPORTED_PLATFORMS = "iphoneos iphonesimulator";
				SUPPORTS_MACCATALYST = NO;
				SUPPORTS_MAC_DESIGNED_FOR_IPHONE_IPAD = NO;
				SWIFT_EMIT_LOC_STRINGS = YES;
				SWIFT_VERSION = 5.0;
				TARGETED_DEVICE_FAMILY = 1;
			};
			name = Release;
		};
/* End XCBuildConfiguration section */

/* Begin XCConfigurationList section */
		461BEF152ABA74F500C07847 /* Build configuration list for PBXProject "UpYou" */ = {
			isa = XCConfigurationList;
			buildConfigurations = (
				461BEF2C2ABA74F700C07847 /* Debug */,
				461BEF2D2ABA74F700C07847 /* Release */,
			);
			defaultConfigurationIsVisible = 0;
			defaultConfigurationName = Release;
		};
		461BEF2E2ABA74F700C07847 /* Build configuration list for PBXNativeTarget "UpYou" */ = {
			isa = XCConfigurationList;
			buildConfigurations = (
				461BEF2F2ABA74F700C07847 /* Debug */,
				461BEF302ABA74F700C07847 /* Release */,
			);
			defaultConfigurationIsVisible = 0;
			defaultConfigurationName = Release;
		};
/* End XCConfigurationList section */

/* Begin XCRemoteSwiftPackageReference section */
		461BEF6B2ABA767A00C07847 /* XCRemoteSwiftPackageReference "firebase-ios-sdk" */ = {
			isa = XCRemoteSwiftPackageReference;
			repositoryURL = "https://github.com/firebase/firebase-ios-sdk";
			requirement = {
				kind = upToNextMajorVersion;
				minimumVersion = 10.0.0;
			};
		};
/* End XCRemoteSwiftPackageReference section */

/* Begin XCSwiftPackageProductDependency section */
		461BEF6C2ABA767A00C07847 /* FirebaseAnalytics */ = {
			isa = XCSwiftPackageProductDependency;
			package = 461BEF6B2ABA767A00C07847 /* XCRemoteSwiftPackageReference "firebase-ios-sdk" */;
			productName = FirebaseAnalytics;
		};
		461BEF6E2ABA767A00C07847 /* FirebaseAuth */ = {
			isa = XCSwiftPackageProductDependency;
			package = 461BEF6B2ABA767A00C07847 /* XCRemoteSwiftPackageReference "firebase-ios-sdk" */;
			productName = FirebaseAuth;
		};
		461BEF702ABA767A00C07847 /* FirebaseCrashlytics */ = {
			isa = XCSwiftPackageProductDependency;
			package = 461BEF6B2ABA767A00C07847 /* XCRemoteSwiftPackageReference "firebase-ios-sdk" */;
			productName = FirebaseCrashlytics;
		};
/* End XCSwiftPackageProductDependency section */
	};
	rootObject = 461BEF122ABA74F500C07847 /* Project object */;
}
